// !$*UTF8*$!
{
	archiveVersion = 1;
	classes = {
	};
	objectVersion = 77;
	objects = {

/* Begin PBXBuildFile section */
		009FD55C98E5EAE76374091D /* CheckInStoreTests.swift in Sources */ = {isa = PBXBuildFile; fileRef = 081821A6E6E57C36D4D50320 /* CheckInStoreTests.swift */; };
		042B4D66BFA2B2C66D8C74C7 /* PadView.swift in Sources */ = {isa = PBXBuildFile; fileRef = 2A1EA9F6ED4DB4CA8CC73907 /* PadView.swift */; };
		04CF5C0C33EAE999907A7395 /* Treatment.swift in Sources */ = {isa = PBXBuildFile; fileRef = 9C1766359067A8528CBEB51E /* Treatment.swift */; };
		095A3168DFDDE095210C453A /* AgeGateTests.swift in Sources */ = {isa = PBXBuildFile; fileRef = FE1BA6ACDF80CF9C913E09D4 /* AgeGateTests.swift */; };
		098B6622974DA110BDA7A5C5 /* CleanNumberTests.swift in Sources */ = {isa = PBXBuildFile; fileRef = 848DE3C0A2B296D372C55B52 /* CleanNumberTests.swift */; };
		0A5C68E2CDE284CBF031B1C3 /* TaperPlanStoreTests.swift in Sources */ = {isa = PBXBuildFile; fileRef = 0F2C082972DB49B5C48FE03F /* TaperPlanStoreTests.swift */; };
		0B36B57889B1BF115E4996B9 /* OnboardingFlow.swift in Sources */ = {isa = PBXBuildFile; fileRef = B81A7A846268DDB13563347F /* OnboardingFlow.swift */; };
		0EB3DA0ADAA962AFBD654AE2 /* TaperTabs.swift in Sources */ = {isa = PBXBuildFile; fileRef = 532DB0500227003AC5EB5DF3 /* TaperTabs.swift */; };
		11E30672A79775DC15E4EF95 /* PlanShape.swift in Sources */ = {isa = PBXBuildFile; fileRef = EB95DC7ECFD078DAA05A2A27 /* PlanShape.swift */; };
		17D35882393DA61139A50BE6 /* PriorAttempt.swift in Sources */ = {isa = PBXBuildFile; fileRef = 08785AAB390FD2A3138DB75C /* PriorAttempt.swift */; };
		199779256158861C053608A1 /* StartingLine.swift in Sources */ = {isa = PBXBuildFile; fileRef = 5218152C4EC89C9B5D06D692 /* StartingLine.swift */; };
		1C5189212159159084EBDF63 /* CheckInEditView.swift in Sources */ = {isa = PBXBuildFile; fileRef = 696EF921A734BD48DA5A25ED /* CheckInEditView.swift */; };
		20ED3ECE29DE0547B9356A53 /* LinearGrotesk-Regular.otf in Resources */ = {isa = PBXBuildFile; fileRef = 77C2C69AA733464C0B820675 /* LinearGrotesk-Regular.otf */; };
		222A8572E9A13370F23CAF8B /* Supabase in Frameworks */ = {isa = PBXBuildFile; productRef = 1756A8AE10A5643796F48366 /* Supabase */; };
		22893C0087D74E2CBD5D2CD2 /* StartingLineView.swift in Sources */ = {isa = PBXBuildFile; fileRef = 67A1AAE4753C3A9A6A89AC8F /* StartingLineView.swift */; };
		27B5638EC436F5F8FC70DA39 /* QuitDateView.swift in Sources */ = {isa = PBXBuildFile; fileRef = 2E45457AC76C6CF565C978F6 /* QuitDateView.swift */; };
		2900CBD113C33E7E6B0753C4 /* PlanProgressTests.swift in Sources */ = {isa = PBXBuildFile; fileRef = 9DA7E36678357D84CBFF846B /* PlanProgressTests.swift */; };
		2A9727106B8648E36AD783E9 /* TreatmentView.swift in Sources */ = {isa = PBXBuildFile; fileRef = ADAEFE419C7110C11C8E6A5D /* TreatmentView.swift */; };
		2B1A2B562996A61194968B5C /* TriedBeforeView.swift in Sources */ = {isa = PBXBuildFile; fileRef = B8C10A0C2752D96ED354F6C8 /* TriedBeforeView.swift */; };
		2F776532ECCCC2D5C65020EB /* PadKeyStoreTests.swift in Sources */ = {isa = PBXBuildFile; fileRef = 97B8A9244E6D32AD7E5A8592 /* PadKeyStoreTests.swift */; };
		31C8052264059261B282EEE2 /* HTTPClient.swift in Sources */ = {isa = PBXBuildFile; fileRef = 54D21CAB02E0AF2377EC8881 /* HTTPClient.swift */; };
		31F8639ED45E27F1E962635E /* PadKey.swift in Sources */ = {isa = PBXBuildFile; fileRef = F00A51CDF3AFF7D94A08109B /* PadKey.swift */; };
		32A0BE9D766122AE40632C9C /* SessionCoordinatorTests.swift in Sources */ = {isa = PBXBuildFile; fileRef = 7ECEF2DA27BE2E09BE44244D /* SessionCoordinatorTests.swift */; };
		35EE2A5244206B4871D6F8D2 /* PadKeyTile.swift in Sources */ = {isa = PBXBuildFile; fileRef = 023D87A309D4250BB9299DF8 /* PadKeyTile.swift */; };
		3BDAAD05A649B6D420DE5F49 /* TodaysTally.swift in Sources */ = {isa = PBXBuildFile; fileRef = 142209CB7BE6DD26367BB3ED /* TodaysTally.swift */; };
		3CACAE459BB033FFC668B8D1 /* AgeGateRunTests.swift in Sources */ = {isa = PBXBuildFile; fileRef = 5130DC0EF5BBB67260B85D27 /* AgeGateRunTests.swift */; };
		3EFA9747A84E105F80435DFD /* Ginger.otf in Resources */ = {isa = PBXBuildFile; fileRef = 7647D93BDDDDB17B5CEDB528 /* Ginger.otf */; };
		3F684FE5B56FA5DD28E3ACAF /* HomeView.swift in Sources */ = {isa = PBXBuildFile; fileRef = 931D71CAE19F0707B5BBCDF8 /* HomeView.swift */; };
		421DF875F124088B9A404247 /* TaperRunCase.swift in Sources */ = {isa = PBXBuildFile; fileRef = A66C7AC1982D58572E57F1FC /* TaperRunCase.swift */; };
		427B60CD23C24CFDEF468EA9 /* Supabase in Frameworks */ = {isa = PBXBuildFile; productRef = 9123F90062D0D9304669E9B2 /* Supabase */; };
		4297BB6C43A7D64AB507AA10 /* PlanRecord.swift in Sources */ = {isa = PBXBuildFile; fileRef = 0289FF648BC61AE569DB11FE /* PlanRecord.swift */; };
		46709EE23E8233449745DA86 /* PadRecord.swift in Sources */ = {isa = PBXBuildFile; fileRef = BD07116EBF9CF6EE8E122698 /* PadRecord.swift */; };
		46E824E0FC3E313A0C1B9436 /* Trigger.swift in Sources */ = {isa = PBXBuildFile; fileRef = 6D11BCE9F23EB213922A688E /* Trigger.swift */; };
		484244286E837CD23F7A442B /* PadActionBar.swift in Sources */ = {isa = PBXBuildFile; fileRef = FBD1FA4880F90D7EA4A5BA29 /* PadActionBar.swift */; };
		579C340C0BE2A9C1E4870510 /* ConfigurationTests.swift in Sources */ = {isa = PBXBuildFile; fileRef = 6CA102815244A5E1377B5A7C /* ConfigurationTests.swift */; };
		59B279A4C5314A6EFCB68F52 /* PadSelection.swift in Sources */ = {isa = PBXBuildFile; fileRef = 1D5472AAD3EF0D196C12393E /* PadSelection.swift */; };
		59CE24C6476EDA822E2ABD29 /* PlanProgress.swift in Sources */ = {isa = PBXBuildFile; fileRef = D72B9A0FEF4622A958D65D39 /* PlanProgress.swift */; };
		5B82562F9EA752CE9DAE1DDB /* TodayListTests.swift in Sources */ = {isa = PBXBuildFile; fileRef = 246BB3108218BB70AFF88CA6 /* TodayListTests.swift */; };
		5F5D0179E202729D3067CC11 /* TodayListView.swift in Sources */ = {isa = PBXBuildFile; fileRef = 5A17E3EA25F4732A7769248A /* TodayListView.swift */; };
		5FDF70B60F61B72A27995CAD /* PlanPreview.swift in Sources */ = {isa = PBXBuildFile; fileRef = C8CE03E1DFE9D4B43113814E /* PlanPreview.swift */; };
		68E94837D465D0736DFF7EFA /* ReadinessView.swift in Sources */ = {isa = PBXBuildFile; fileRef = EB37897EAEF2B704CA943033 /* ReadinessView.swift */; };
		6CEFD467EB5512459E0A15A6 /* OnboardingScaffold.swift in Sources */ = {isa = PBXBuildFile; fileRef = 1C563728D3BDCA753BECF337 /* OnboardingScaffold.swift */; };
		6F8E07C984B35A07EC2FB82D /* SessionCoordinator.swift in Sources */ = {isa = PBXBuildFile; fileRef = B81A908B1CD8408CDBD9D905 /* SessionCoordinator.swift */; };
		6FC5F8FF70EEE97E2A587D01 /* AmountView.swift in Sources */ = {isa = PBXBuildFile; fileRef = 29075C1BFAD49736B729C3DF /* AmountView.swift */; };
		7320791C1E1BCD24F1068CB1 /* TodayRecordTests.swift in Sources */ = {isa = PBXBuildFile; fileRef = 7C04762C046C39BBF49A4545 /* TodayRecordTests.swift */; };
		73E63E6533098B20969D4EF7 /* PlanRecordTests.swift in Sources */ = {isa = PBXBuildFile; fileRef = FA6C5F209132014C07F9CF88 /* PlanRecordTests.swift */; };
		782A621853172C09CA2D8238 /* CheckInEditTests.swift in Sources */ = {isa = PBXBuildFile; fileRef = 9AC4B29A0FB229108C696D19 /* CheckInEditTests.swift */; };
		79FD6A2D96FDD74756B4F236 /* StrengthView.swift in Sources */ = {isa = PBXBuildFile; fileRef = 42AA9319A756BB1539B49424 /* StrengthView.swift */; };
		7B99E8E00A53E7392349786F /* BackControl.swift in Sources */ = {isa = PBXBuildFile; fileRef = F4010A1E5CDD594D36236422 /* BackControl.swift */; };
		7BE5341D70A65DC5C4C1DBC3 /* NicotineMarkTests.swift in Sources */ = {isa = PBXBuildFile; fileRef = E94FA2858738E07EB7BE1BCC /* NicotineMarkTests.swift */; };
		7C5A03BCA1E0793EF470F0C0 /* DesignTokenTests.swift in Sources */ = {isa = PBXBuildFile; fileRef = B216B7882EC0F27F7C2CC757 /* DesignTokenTests.swift */; };
		7C82B2CC78800410E0BC19C9 /* DayTrack.swift in Sources */ = {isa = PBXBuildFile; fileRef = 4C09E98736915DB3594FA5CC /* DayTrack.swift */; };
		7CF719E37B2E4EE6A68A9849 /* PadRunTests.swift in Sources */ = {isa = PBXBuildFile; fileRef = C92D1598E57443987CD03A24 /* PadRunTests.swift */; };
		8E340508CF6AD45215AEFFA0 /* TaperPlanTests.swift in Sources */ = {isa = PBXBuildFile; fileRef = C388174D171CDC5BE2E93A90 /* TaperPlanTests.swift */; };
		9538768352F4B4C5F5BE0ED2 /* PadKeyStore.swift in Sources */ = {isa = PBXBuildFile; fileRef = 2AA134A8BA603E9E897E8401 /* PadKeyStore.swift */; };
		96B207CB5A6C660744D6DF15 /* TodaysTallyTests.swift in Sources */ = {isa = PBXBuildFile; fileRef = 31DE77B83873D88DE62BC684 /* TodaysTallyTests.swift */; };
		98AF5F5F106A9B6BEFBB0D75 /* AppConfiguration.swift in Sources */ = {isa = PBXBuildFile; fileRef = 17238832684900B8083CBB09 /* AppConfiguration.swift */; };
		9E4D6288522F4AB37A15D35D /* TriggersView.swift in Sources */ = {isa = PBXBuildFile; fileRef = 300FADDE21E940AC947261F7 /* TriggersView.swift */; };
		9F0B1DAEDC3D1334DAA333FF /* SickInBedView.swift in Sources */ = {isa = PBXBuildFile; fileRef = 29BE0845DD8EEF48524461D6 /* SickInBedView.swift */; };
		A0D9656FB8FBFA282F86E1E1 /* QuitDate.swift in Sources */ = {isa = PBXBuildFile; fileRef = A69F8D2D5922193467A92830 /* QuitDate.swift */; };
		A26489120B610E40114135DC /* LinearGrotesk-SemiBold.otf in Resources */ = {isa = PBXBuildFile; fileRef = 58A09EF7EF844EE19A6EA3D2 /* LinearGrotesk-SemiBold.otf */; };
		A65B4D477181B1DF0C5E40D6 /* OnboardingRunTests.swift in Sources */ = {isa = PBXBuildFile; fileRef = EE7ACAD65956EFEBD97F2DC9 /* OnboardingRunTests.swift */; };
		A9F27E1C4941FEEBD02B53BC /* AgeGateView.swift in Sources */ = {isa = PBXBuildFile; fileRef = 2E22FDA8B9704DCCFE7B3A5C /* AgeGateView.swift */; };
		AD05E71ABAF750C27AE4956F /* LinearGrotesk-Medium.otf in Resources */ = {isa = PBXBuildFile; fileRef = 1DE62009096443C1C6F3B1FA /* LinearGrotesk-Medium.otf */; };
		B47CED8A2E89349A7586059B /* WhatYouUseView.swift in Sources */ = {isa = PBXBuildFile; fileRef = 5B7D8C0AB9BF610956BAD8A3 /* WhatYouUseView.swift */; };
		B495B01DAD58B742106956BB /* DesignTokens.swift in Sources */ = {isa = PBXBuildFile; fileRef = EE711B9158A40AC1D87F748F /* DesignTokens.swift */; };
		B89DF6FFA0FE064713A779F9 /* Assets.xcassets in Resources */ = {isa = PBXBuildFile; fileRef = 63F7D57B4CA77D384577A81C /* Assets.xcassets */; };
		B8B045739B342AF7403E3D45 /* CheckInStore.swift in Sources */ = {isa = PBXBuildFile; fileRef = 58348CD50451359D0AB2A154 /* CheckInStore.swift */; };
		B9AE469C30DB893D9C393712 /* TaperTab.swift in Sources */ = {isa = PBXBuildFile; fileRef = A368BD902DA675BEB3D02749 /* TaperTab.swift */; };
		BA19A94840B0D6EDDE909800 /* HTTPClientTests.swift in Sources */ = {isa = PBXBuildFile; fileRef = 0CD1316F44498C566B2C429B /* HTTPClientTests.swift */; };
		BA6295E73EF573B9CEB7B34F /* TaperPlanStore.swift in Sources */ = {isa = PBXBuildFile; fileRef = 76BC345FB4EB1A7CD614AE13 /* TaperPlanStore.swift */; };
		BB130F9CEEB993188D46CB19 /* PlanPreviewView.swift in Sources */ = {isa = PBXBuildFile; fileRef = 4442F6D8FC00924EFF766298 /* PlanPreviewView.swift */; };
		C41C9FD243F5C93219A7B2AE /* OnboardingAnswers.swift in Sources */ = {isa = PBXBuildFile; fileRef = 093BB4C87BB287DEEF4C82D4 /* OnboardingAnswers.swift */; };
		C48674CC3D48E1D870373685 /* TaperPlan.swift in Sources */ = {isa = PBXBuildFile; fileRef = D1FCEA66261E0D1BADA40F2A /* TaperPlan.swift */; };
		C7BB569FEB8165AB4877C76F /* TodaySoFarCard.swift in Sources */ = {isa = PBXBuildFile; fileRef = C6058CD141DA498C70E6BC6C /* TodaySoFarCard.swift */; };
		CEA6557283AE356C66F04431 /* TaperPlanDraft.swift in Sources */ = {isa = PBXBuildFile; fileRef = C18DD771ED2E08D20CCDAB94 /* TaperPlanDraft.swift */; };
		D2B2C97B8CD0DD3096075254 /* TodaySoFarCardTests.swift in Sources */ = {isa = PBXBuildFile; fileRef = D5640C541A8FE4D023E5B42B /* TodaySoFarCardTests.swift */; };
		D5E11560EF09DAD985F07964 /* PadSelectionTests.swift in Sources */ = {isa = PBXBuildFile; fileRef = 9761AFFAA18FB8818B892201 /* PadSelectionTests.swift */; };
		DA0866AAF96102FAE82CA16E /* AgeGate.swift in Sources */ = {isa = PBXBuildFile; fileRef = 455904243A3D920555A6529C /* AgeGate.swift */; };
		DBF354CC66F11455190DF7B0 /* NicotineMark.swift in Sources */ = {isa = PBXBuildFile; fileRef = A03487C1456CABB3DC9055A1 /* NicotineMark.swift */; };
		DC85DF3A980C421F0613913E /* PadRecordTests.swift in Sources */ = {isa = PBXBuildFile; fileRef = 5B60B9E2BC8CE60893633421 /* PadRecordTests.swift */; };
		DDFBD225F7AFF64FDD535DD4 /* CapMeter.swift in Sources */ = {isa = PBXBuildFile; fileRef = FA00ED9C801626583C7F0F8F /* CapMeter.swift */; };
		DF19A8B86E15E68CEDD4948C /* Controls.swift in Sources */ = {isa = PBXBuildFile; fileRef = F975269EB5F504D1744C6A25 /* Controls.swift */; };
		DFBBEB788F27E6750C1E8D0D /* OptionCard.swift in Sources */ = {isa = PBXBuildFile; fileRef = 3D5ED41C9B96D5E2180D3006 /* OptionCard.swift */; };
		F130D3ABB24EFA3BCC9F8307 /* FirstUseView.swift in Sources */ = {isa = PBXBuildFile; fileRef = 2E43CC6E40DC0E70C171F47E /* FirstUseView.swift */; };
		F27B8E52E6909FD0813F0402 /* OnboardingTests.swift in Sources */ = {isa = PBXBuildFile; fileRef = F2CF267D1082F7FB4EF7DE13 /* OnboardingTests.swift */; };
		F5D11A597CF3E5EF7925075B /* PadKeyTests.swift in Sources */ = {isa = PBXBuildFile; fileRef = 91C35928EF74BBD4AF319497 /* PadKeyTests.swift */; };
		F98DCA94C38917A3AB92645B /* TodayRecord.swift in Sources */ = {isa = PBXBuildFile; fileRef = 6DE5ABE508EA7257C871ED1A /* TodayRecord.swift */; };
		F9AE040439B95F79AFDCC07C /* TaperApp.swift in Sources */ = {isa = PBXBuildFile; fileRef = A9B9903E0264C634FF6C6E5F /* TaperApp.swift */; };
		F9DC16D7896F210B92C01CD8 /* DayTrackTests.swift in Sources */ = {isa = PBXBuildFile; fileRef = 8ADDAD495331A13B8885B775 /* DayTrackTests.swift */; };
/* End PBXBuildFile section */

/* Begin PBXContainerItemProxy section */
		3ED409AFE0F6BB84D253A8A4 /* PBXContainerItemProxy */ = {
			isa = PBXContainerItemProxy;
			containerPortal = D95056CE5330765819B5B78E /* Project object */;
			proxyType = 1;
			remoteGlobalIDString = EE06B5AE23DD110257F93A16;
			remoteInfo = Taper;
		};
		B481D25280865B82FB0F5170 /* PBXContainerItemProxy */ = {
			isa = PBXContainerItemProxy;
			containerPortal = D95056CE5330765819B5B78E /* Project object */;
			proxyType = 1;
			remoteGlobalIDString = EE06B5AE23DD110257F93A16;
			remoteInfo = Taper;
		};
/* End PBXContainerItemProxy section */

/* Begin PBXFileReference section */
		023D87A309D4250BB9299DF8 /* PadKeyTile.swift */ = {isa = PBXFileReference; lastKnownFileType = sourcecode.swift; path = PadKeyTile.swift; sourceTree = "<group>"; };
		0289FF648BC61AE569DB11FE /* PlanRecord.swift */ = {isa = PBXFileReference; lastKnownFileType = sourcecode.swift; path = PlanRecord.swift; sourceTree = "<group>"; };
		081821A6E6E57C36D4D50320 /* CheckInStoreTests.swift */ = {isa = PBXFileReference; lastKnownFileType = sourcecode.swift; path = CheckInStoreTests.swift; sourceTree = "<group>"; };
		08785AAB390FD2A3138DB75C /* PriorAttempt.swift */ = {isa = PBXFileReference; lastKnownFileType = sourcecode.swift; path = PriorAttempt.swift; sourceTree = "<group>"; };
		093BB4C87BB287DEEF4C82D4 /* OnboardingAnswers.swift */ = {isa = PBXFileReference; lastKnownFileType = sourcecode.swift; path = OnboardingAnswers.swift; sourceTree = "<group>"; };
		0CD1316F44498C566B2C429B /* HTTPClientTests.swift */ = {isa = PBXFileReference; lastKnownFileType = sourcecode.swift; path = HTTPClientTests.swift; sourceTree = "<group>"; };
		0F2C082972DB49B5C48FE03F /* TaperPlanStoreTests.swift */ = {isa = PBXFileReference; lastKnownFileType = sourcecode.swift; path = TaperPlanStoreTests.swift; sourceTree = "<group>"; };
		142209CB7BE6DD26367BB3ED /* TodaysTally.swift */ = {isa = PBXFileReference; lastKnownFileType = sourcecode.swift; path = TodaysTally.swift; sourceTree = "<group>"; };
		17238832684900B8083CBB09 /* AppConfiguration.swift */ = {isa = PBXFileReference; lastKnownFileType = sourcecode.swift; path = AppConfiguration.swift; sourceTree = "<group>"; };
		18B449F8640CEFAA743C9ADE /* TaperTests.xctest */ = {isa = PBXFileReference; includeInIndex = 0; lastKnownFileType = wrapper.cfbundle; path = TaperTests.xctest; sourceTree = BUILT_PRODUCTS_DIR; };
		1C563728D3BDCA753BECF337 /* OnboardingScaffold.swift */ = {isa = PBXFileReference; lastKnownFileType = sourcecode.swift; path = OnboardingScaffold.swift; sourceTree = "<group>"; };
		1C6DB23828F92F8B4EE1A339 /* TaperUITests.xctest */ = {isa = PBXFileReference; includeInIndex = 0; lastKnownFileType = wrapper.cfbundle; path = TaperUITests.xctest; sourceTree = BUILT_PRODUCTS_DIR; };
		1D5472AAD3EF0D196C12393E /* PadSelection.swift */ = {isa = PBXFileReference; lastKnownFileType = sourcecode.swift; path = PadSelection.swift; sourceTree = "<group>"; };
		1DE62009096443C1C6F3B1FA /* LinearGrotesk-Medium.otf */ = {isa = PBXFileReference; lastKnownFileType = file; path = "LinearGrotesk-Medium.otf"; sourceTree = "<group>"; };
		246BB3108218BB70AFF88CA6 /* TodayListTests.swift */ = {isa = PBXFileReference; lastKnownFileType = sourcecode.swift; path = TodayListTests.swift; sourceTree = "<group>"; };
		29075C1BFAD49736B729C3DF /* AmountView.swift */ = {isa = PBXFileReference; lastKnownFileType = sourcecode.swift; path = AmountView.swift; sourceTree = "<group>"; };
		29BE0845DD8EEF48524461D6 /* SickInBedView.swift */ = {isa = PBXFileReference; lastKnownFileType = sourcecode.swift; path = SickInBedView.swift; sourceTree = "<group>"; };
		2A1EA9F6ED4DB4CA8CC73907 /* PadView.swift */ = {isa = PBXFileReference; lastKnownFileType = sourcecode.swift; path = PadView.swift; sourceTree = "<group>"; };
		2AA134A8BA603E9E897E8401 /* PadKeyStore.swift */ = {isa = PBXFileReference; lastKnownFileType = sourcecode.swift; path = PadKeyStore.swift; sourceTree = "<group>"; };
		2E22FDA8B9704DCCFE7B3A5C /* AgeGateView.swift */ = {isa = PBXFileReference; lastKnownFileType = sourcecode.swift; path = AgeGateView.swift; sourceTree = "<group>"; };
		2E43CC6E40DC0E70C171F47E /* FirstUseView.swift */ = {isa = PBXFileReference; lastKnownFileType = sourcecode.swift; path = FirstUseView.swift; sourceTree = "<group>"; };
		2E45457AC76C6CF565C978F6 /* QuitDateView.swift */ = {isa = PBXFileReference; lastKnownFileType = sourcecode.swift; path = QuitDateView.swift; sourceTree = "<group>"; };
		300FADDE21E940AC947261F7 /* TriggersView.swift */ = {isa = PBXFileReference; lastKnownFileType = sourcecode.swift; path = TriggersView.swift; sourceTree = "<group>"; };
		31DE77B83873D88DE62BC684 /* TodaysTallyTests.swift */ = {isa = PBXFileReference; lastKnownFileType = sourcecode.swift; path = TodaysTallyTests.swift; sourceTree = "<group>"; };
		3D5ED41C9B96D5E2180D3006 /* OptionCard.swift */ = {isa = PBXFileReference; lastKnownFileType = sourcecode.swift; path = OptionCard.swift; sourceTree = "<group>"; };
		42AA9319A756BB1539B49424 /* StrengthView.swift */ = {isa = PBXFileReference; lastKnownFileType = sourcecode.swift; path = StrengthView.swift; sourceTree = "<group>"; };
		4442F6D8FC00924EFF766298 /* PlanPreviewView.swift */ = {isa = PBXFileReference; lastKnownFileType = sourcecode.swift; path = PlanPreviewView.swift; sourceTree = "<group>"; };
		455904243A3D920555A6529C /* AgeGate.swift */ = {isa = PBXFileReference; lastKnownFileType = sourcecode.swift; path = AgeGate.swift; sourceTree = "<group>"; };
		4C09E98736915DB3594FA5CC /* DayTrack.swift */ = {isa = PBXFileReference; lastKnownFileType = sourcecode.swift; path = DayTrack.swift; sourceTree = "<group>"; };
		5130DC0EF5BBB67260B85D27 /* AgeGateRunTests.swift */ = {isa = PBXFileReference; lastKnownFileType = sourcecode.swift; path = AgeGateRunTests.swift; sourceTree = "<group>"; };
		5218152C4EC89C9B5D06D692 /* StartingLine.swift */ = {isa = PBXFileReference; lastKnownFileType = sourcecode.swift; path = StartingLine.swift; sourceTree = "<group>"; };
		532DB0500227003AC5EB5DF3 /* TaperTabs.swift */ = {isa = PBXFileReference; lastKnownFileType = sourcecode.swift; path = TaperTabs.swift; sourceTree = "<group>"; };
		54D21CAB02E0AF2377EC8881 /* HTTPClient.swift */ = {isa = PBXFileReference; lastKnownFileType = sourcecode.swift; path = HTTPClient.swift; sourceTree = "<group>"; };
		58348CD50451359D0AB2A154 /* CheckInStore.swift */ = {isa = PBXFileReference; lastKnownFileType = sourcecode.swift; path = CheckInStore.swift; sourceTree = "<group>"; };
		58A09EF7EF844EE19A6EA3D2 /* LinearGrotesk-SemiBold.otf */ = {isa = PBXFileReference; lastKnownFileType = file; path = "LinearGrotesk-SemiBold.otf"; sourceTree = "<group>"; };
		5A17E3EA25F4732A7769248A /* TodayListView.swift */ = {isa = PBXFileReference; lastKnownFileType = sourcecode.swift; path = TodayListView.swift; sourceTree = "<group>"; };
		5B60B9E2BC8CE60893633421 /* PadRecordTests.swift */ = {isa = PBXFileReference; lastKnownFileType = sourcecode.swift; path = PadRecordTests.swift; sourceTree = "<group>"; };
		5B7D8C0AB9BF610956BAD8A3 /* WhatYouUseView.swift */ = {isa = PBXFileReference; lastKnownFileType = sourcecode.swift; path = WhatYouUseView.swift; sourceTree = "<group>"; };
		63F7D57B4CA77D384577A81C /* Assets.xcassets */ = {isa = PBXFileReference; lastKnownFileType = folder.assetcatalog; path = Assets.xcassets; sourceTree = "<group>"; };
		67A1AAE4753C3A9A6A89AC8F /* StartingLineView.swift */ = {isa = PBXFileReference; lastKnownFileType = sourcecode.swift; path = StartingLineView.swift; sourceTree = "<group>"; };
		696EF921A734BD48DA5A25ED /* CheckInEditView.swift */ = {isa = PBXFileReference; lastKnownFileType = sourcecode.swift; path = CheckInEditView.swift; sourceTree = "<group>"; };
		6CA102815244A5E1377B5A7C /* ConfigurationTests.swift */ = {isa = PBXFileReference; lastKnownFileType = sourcecode.swift; path = ConfigurationTests.swift; sourceTree = "<group>"; };
		6D11BCE9F23EB213922A688E /* Trigger.swift */ = {isa = PBXFileReference; lastKnownFileType = sourcecode.swift; path = Trigger.swift; sourceTree = "<group>"; };
		6DE5ABE508EA7257C871ED1A /* TodayRecord.swift */ = {isa = PBXFileReference; lastKnownFileType = sourcecode.swift; path = TodayRecord.swift; sourceTree = "<group>"; };
		7647D93BDDDDB17B5CEDB528 /* Ginger.otf */ = {isa = PBXFileReference; lastKnownFileType = file; path = Ginger.otf; sourceTree = "<group>"; };
		76BC345FB4EB1A7CD614AE13 /* TaperPlanStore.swift */ = {isa = PBXFileReference; lastKnownFileType = sourcecode.swift; path = TaperPlanStore.swift; sourceTree = "<group>"; };
		77C2C69AA733464C0B820675 /* LinearGrotesk-Regular.otf */ = {isa = PBXFileReference; lastKnownFileType = file; path = "LinearGrotesk-Regular.otf"; sourceTree = "<group>"; };
		7C04762C046C39BBF49A4545 /* TodayRecordTests.swift */ = {isa = PBXFileReference; lastKnownFileType = sourcecode.swift; path = TodayRecordTests.swift; sourceTree = "<group>"; };
		7ECEF2DA27BE2E09BE44244D /* SessionCoordinatorTests.swift */ = {isa = PBXFileReference; lastKnownFileType = sourcecode.swift; path = SessionCoordinatorTests.swift; sourceTree = "<group>"; };
		848DE3C0A2B296D372C55B52 /* CleanNumberTests.swift */ = {isa = PBXFileReference; lastKnownFileType = sourcecode.swift; path = CleanNumberTests.swift; sourceTree = "<group>"; };
		878DB78BEC425F63B60C1393 /* Info.plist */ = {isa = PBXFileReference; lastKnownFileType = text.plist; path = Info.plist; sourceTree = "<group>"; };
		8ADDAD495331A13B8885B775 /* DayTrackTests.swift */ = {isa = PBXFileReference; lastKnownFileType = sourcecode.swift; path = DayTrackTests.swift; sourceTree = "<group>"; };
		91C35928EF74BBD4AF319497 /* PadKeyTests.swift */ = {isa = PBXFileReference; lastKnownFileType = sourcecode.swift; path = PadKeyTests.swift; sourceTree = "<group>"; };
		931D71CAE19F0707B5BBCDF8 /* HomeView.swift */ = {isa = PBXFileReference; lastKnownFileType = sourcecode.swift; path = HomeView.swift; sourceTree = "<group>"; };
		9761AFFAA18FB8818B892201 /* PadSelectionTests.swift */ = {isa = PBXFileReference; lastKnownFileType = sourcecode.swift; path = PadSelectionTests.swift; sourceTree = "<group>"; };
		97B8A9244E6D32AD7E5A8592 /* PadKeyStoreTests.swift */ = {isa = PBXFileReference; lastKnownFileType = sourcecode.swift; path = PadKeyStoreTests.swift; sourceTree = "<group>"; };
		9AC4B29A0FB229108C696D19 /* CheckInEditTests.swift */ = {isa = PBXFileReference; lastKnownFileType = sourcecode.swift; path = CheckInEditTests.swift; sourceTree = "<group>"; };
		9C1766359067A8528CBEB51E /* Treatment.swift */ = {isa = PBXFileReference; lastKnownFileType = sourcecode.swift; path = Treatment.swift; sourceTree = "<group>"; };
		9DA7E36678357D84CBFF846B /* PlanProgressTests.swift */ = {isa = PBXFileReference; lastKnownFileType = sourcecode.swift; path = PlanProgressTests.swift; sourceTree = "<group>"; };
		A03487C1456CABB3DC9055A1 /* NicotineMark.swift */ = {isa = PBXFileReference; lastKnownFileType = sourcecode.swift; path = NicotineMark.swift; sourceTree = "<group>"; };
		A368BD902DA675BEB3D02749 /* TaperTab.swift */ = {isa = PBXFileReference; lastKnownFileType = sourcecode.swift; path = TaperTab.swift; sourceTree = "<group>"; };
		A3907ACFA103C7A45EF00015 /* Taper.app */ = {isa = PBXFileReference; includeInIndex = 0; lastKnownFileType = wrapper.application; path = Taper.app; sourceTree = BUILT_PRODUCTS_DIR; };
		A66C7AC1982D58572E57F1FC /* TaperRunCase.swift */ = {isa = PBXFileReference; lastKnownFileType = sourcecode.swift; path = TaperRunCase.swift; sourceTree = "<group>"; };
		A69F8D2D5922193467A92830 /* QuitDate.swift */ = {isa = PBXFileReference; lastKnownFileType = sourcecode.swift; path = QuitDate.swift; sourceTree = "<group>"; };
		A9B9903E0264C634FF6C6E5F /* TaperApp.swift */ = {isa = PBXFileReference; lastKnownFileType = sourcecode.swift; path = TaperApp.swift; sourceTree = "<group>"; };
		ADAEFE419C7110C11C8E6A5D /* TreatmentView.swift */ = {isa = PBXFileReference; lastKnownFileType = sourcecode.swift; path = TreatmentView.swift; sourceTree = "<group>"; };
		B216B7882EC0F27F7C2CC757 /* DesignTokenTests.swift */ = {isa = PBXFileReference; lastKnownFileType = sourcecode.swift; path = DesignTokenTests.swift; sourceTree = "<group>"; };
		B4141AC4A48A1C21FFEBE461 /* Config.xcconfig */ = {isa = PBXFileReference; lastKnownFileType = text.xcconfig; path = Config.xcconfig; sourceTree = "<group>"; };
		B81A7A846268DDB13563347F /* OnboardingFlow.swift */ = {isa = PBXFileReference; lastKnownFileType = sourcecode.swift; path = OnboardingFlow.swift; sourceTree = "<group>"; };
		B81A908B1CD8408CDBD9D905 /* SessionCoordinator.swift */ = {isa = PBXFileReference; lastKnownFileType = sourcecode.swift; path = SessionCoordinator.swift; sourceTree = "<group>"; };
		B8C10A0C2752D96ED354F6C8 /* TriedBeforeView.swift */ = {isa = PBXFileReference; lastKnownFileType = sourcecode.swift; path = TriedBeforeView.swift; sourceTree = "<group>"; };
		BD07116EBF9CF6EE8E122698 /* PadRecord.swift */ = {isa = PBXFileReference; lastKnownFileType = sourcecode.swift; path = PadRecord.swift; sourceTree = "<group>"; };
		C18DD771ED2E08D20CCDAB94 /* TaperPlanDraft.swift */ = {isa = PBXFileReference; lastKnownFileType = sourcecode.swift; path = TaperPlanDraft.swift; sourceTree = "<group>"; };
		C388174D171CDC5BE2E93A90 /* TaperPlanTests.swift */ = {isa = PBXFileReference; lastKnownFileType = sourcecode.swift; path = TaperPlanTests.swift; sourceTree = "<group>"; };
		C6058CD141DA498C70E6BC6C /* TodaySoFarCard.swift */ = {isa = PBXFileReference; lastKnownFileType = sourcecode.swift; path = TodaySoFarCard.swift; sourceTree = "<group>"; };
		C8CE03E1DFE9D4B43113814E /* PlanPreview.swift */ = {isa = PBXFileReference; lastKnownFileType = sourcecode.swift; path = PlanPreview.swift; sourceTree = "<group>"; };
		C92D1598E57443987CD03A24 /* PadRunTests.swift */ = {isa = PBXFileReference; lastKnownFileType = sourcecode.swift; path = PadRunTests.swift; sourceTree = "<group>"; };
		D1FCEA66261E0D1BADA40F2A /* TaperPlan.swift */ = {isa = PBXFileReference; lastKnownFileType = sourcecode.swift; path = TaperPlan.swift; sourceTree = "<group>"; };
		D5640C541A8FE4D023E5B42B /* TodaySoFarCardTests.swift */ = {isa = PBXFileReference; lastKnownFileType = sourcecode.swift; path = TodaySoFarCardTests.swift; sourceTree = "<group>"; };
		D72B9A0FEF4622A958D65D39 /* PlanProgress.swift */ = {isa = PBXFileReference; lastKnownFileType = sourcecode.swift; path = PlanProgress.swift; sourceTree = "<group>"; };
		E94FA2858738E07EB7BE1BCC /* NicotineMarkTests.swift */ = {isa = PBXFileReference; lastKnownFileType = sourcecode.swift; path = NicotineMarkTests.swift; sourceTree = "<group>"; };
		EB37897EAEF2B704CA943033 /* ReadinessView.swift */ = {isa = PBXFileReference; lastKnownFileType = sourcecode.swift; path = ReadinessView.swift; sourceTree = "<group>"; };
		EB95DC7ECFD078DAA05A2A27 /* PlanShape.swift */ = {isa = PBXFileReference; lastKnownFileType = sourcecode.swift; path = PlanShape.swift; sourceTree = "<group>"; };
		EE711B9158A40AC1D87F748F /* DesignTokens.swift */ = {isa = PBXFileReference; lastKnownFileType = sourcecode.swift; path = DesignTokens.swift; sourceTree = "<group>"; };
		EE7ACAD65956EFEBD97F2DC9 /* OnboardingRunTests.swift */ = {isa = PBXFileReference; lastKnownFileType = sourcecode.swift; path = OnboardingRunTests.swift; sourceTree = "<group>"; };
		F00A51CDF3AFF7D94A08109B /* PadKey.swift */ = {isa = PBXFileReference; lastKnownFileType = sourcecode.swift; path = PadKey.swift; sourceTree = "<group>"; };
		F2CF267D1082F7FB4EF7DE13 /* OnboardingTests.swift */ = {isa = PBXFileReference; lastKnownFileType = sourcecode.swift; path = OnboardingTests.swift; sourceTree = "<group>"; };
		F4010A1E5CDD594D36236422 /* BackControl.swift */ = {isa = PBXFileReference; lastKnownFileType = sourcecode.swift; path = BackControl.swift; sourceTree = "<group>"; };
		F975269EB5F504D1744C6A25 /* Controls.swift */ = {isa = PBXFileReference; lastKnownFileType = sourcecode.swift; path = Controls.swift; sourceTree = "<group>"; };
		FA00ED9C801626583C7F0F8F /* CapMeter.swift */ = {isa = PBXFileReference; lastKnownFileType = sourcecode.swift; path = CapMeter.swift; sourceTree = "<group>"; };
		FA6C5F209132014C07F9CF88 /* PlanRecordTests.swift */ = {isa = PBXFileReference; lastKnownFileType = sourcecode.swift; path = PlanRecordTests.swift; sourceTree = "<group>"; };
		FBD1FA4880F90D7EA4A5BA29 /* PadActionBar.swift */ = {isa = PBXFileReference; lastKnownFileType = sourcecode.swift; path = PadActionBar.swift; sourceTree = "<group>"; };
		FE1BA6ACDF80CF9C913E09D4 /* AgeGateTests.swift */ = {isa = PBXFileReference; lastKnownFileType = sourcecode.swift; path = AgeGateTests.swift; sourceTree = "<group>"; };
/* End PBXFileReference section */

/* Begin PBXFrameworksBuildPhase section */
		6CBE9BBA314E31AE7B901843 /* Frameworks */ = {
			isa = PBXFrameworksBuildPhase;
			buildActionMask = 2147483647;
			files = (
				222A8572E9A13370F23CAF8B /* Supabase in Frameworks */,
			);
			runOnlyForDeploymentPostprocessing = 0;
		};
		D28BCBBCAC5A61BEFBD7EAB7 /* Frameworks */ = {
			isa = PBXFrameworksBuildPhase;
			buildActionMask = 2147483647;
			files = (
				427B60CD23C24CFDEF468EA9 /* Supabase in Frameworks */,
			);
			runOnlyForDeploymentPostprocessing = 0;
		};
/* End PBXFrameworksBuildPhase section */

/* Begin PBXGroup section */
		0007BBFA873E0E9D71790521 /* Networking */ = {
			isa = PBXGroup;
			children = (
				54D21CAB02E0AF2377EC8881 /* HTTPClient.swift */,
			);
			path = Networking;
			sourceTree = "<group>";
		};
		0DC10DCC8B9FC59D439F0227 /* TaperUITests */ = {
			isa = PBXGroup;
			children = (
				5130DC0EF5BBB67260B85D27 /* AgeGateRunTests.swift */,
				EE7ACAD65956EFEBD97F2DC9 /* OnboardingRunTests.swift */,
				C92D1598E57443987CD03A24 /* PadRunTests.swift */,
				A66C7AC1982D58572E57F1FC /* TaperRunCase.swift */,
			);
			path = TaperUITests;
			sourceTree = "<group>";
		};
		116CCFF805AA7DCDE2C37141 /* Data */ = {
			isa = PBXGroup;
			children = (
				58348CD50451359D0AB2A154 /* CheckInStore.swift */,
				2AA134A8BA603E9E897E8401 /* PadKeyStore.swift */,
				BD07116EBF9CF6EE8E122698 /* PadRecord.swift */,
				0289FF648BC61AE569DB11FE /* PlanRecord.swift */,
				B81A908B1CD8408CDBD9D905 /* SessionCoordinator.swift */,
				76BC345FB4EB1A7CD614AE13 /* TaperPlanStore.swift */,
				6DE5ABE508EA7257C871ED1A /* TodayRecord.swift */,
			);
			path = Data;
			sourceTree = "<group>";
		};
		4063C3011420B77737E1076E /* ios */ = {
			isa = PBXGroup;
			children = (
				B4141AC4A48A1C21FFEBE461 /* Config.xcconfig */,
			);
			name = ios;
			path = .;
			sourceTree = "<group>";
		};
		49B7B8F0DA18DE4516753F14 /* Home */ = {
			isa = PBXGroup;
			children = (
				696EF921A734BD48DA5A25ED /* CheckInEditView.swift */,
				931D71CAE19F0707B5BBCDF8 /* HomeView.swift */,
				5A17E3EA25F4732A7769248A /* TodayListView.swift */,
				C6058CD141DA498C70E6BC6C /* TodaySoFarCard.swift */,
			);
			path = Home;
			sourceTree = "<group>";
		};
		699DC2959DC733A7F46ADDF4 /* Fonts */ = {
			isa = PBXGroup;
			children = (
				7647D93BDDDDB17B5CEDB528 /* Ginger.otf */,
				1DE62009096443C1C6F3B1FA /* LinearGrotesk-Medium.otf */,
				77C2C69AA733464C0B820675 /* LinearGrotesk-Regular.otf */,
				58A09EF7EF844EE19A6EA3D2 /* LinearGrotesk-SemiBold.otf */,
			);
			path = Fonts;
			sourceTree = "<group>";
		};
		7B943402C0921AFA5732AC18 /* TaperTests */ = {
			isa = PBXGroup;
			children = (
				FE1BA6ACDF80CF9C913E09D4 /* AgeGateTests.swift */,
				9AC4B29A0FB229108C696D19 /* CheckInEditTests.swift */,
				081821A6E6E57C36D4D50320 /* CheckInStoreTests.swift */,
				848DE3C0A2B296D372C55B52 /* CleanNumberTests.swift */,
				6CA102815244A5E1377B5A7C /* ConfigurationTests.swift */,
				8ADDAD495331A13B8885B775 /* DayTrackTests.swift */,
				B216B7882EC0F27F7C2CC757 /* DesignTokenTests.swift */,
				0CD1316F44498C566B2C429B /* HTTPClientTests.swift */,
				E94FA2858738E07EB7BE1BCC /* NicotineMarkTests.swift */,
				F2CF267D1082F7FB4EF7DE13 /* OnboardingTests.swift */,
				97B8A9244E6D32AD7E5A8592 /* PadKeyStoreTests.swift */,
				91C35928EF74BBD4AF319497 /* PadKeyTests.swift */,
				5B60B9E2BC8CE60893633421 /* PadRecordTests.swift */,
				9761AFFAA18FB8818B892201 /* PadSelectionTests.swift */,
				9DA7E36678357D84CBFF846B /* PlanProgressTests.swift */,
				FA6C5F209132014C07F9CF88 /* PlanRecordTests.swift */,
				7ECEF2DA27BE2E09BE44244D /* SessionCoordinatorTests.swift */,
				0F2C082972DB49B5C48FE03F /* TaperPlanStoreTests.swift */,
				C388174D171CDC5BE2E93A90 /* TaperPlanTests.swift */,
				246BB3108218BB70AFF88CA6 /* TodayListTests.swift */,
				7C04762C046C39BBF49A4545 /* TodayRecordTests.swift */,
				D5640C541A8FE4D023E5B42B /* TodaySoFarCardTests.swift */,
				31DE77B83873D88DE62BC684 /* TodaysTallyTests.swift */,
			);
			path = TaperTests;
			sourceTree = "<group>";
		};
		871C1EB35ACC873E654C8086 /* Onboarding */ = {
			isa = PBXGroup;
			children = (
				2E22FDA8B9704DCCFE7B3A5C /* AgeGateView.swift */,
				29075C1BFAD49736B729C3DF /* AmountView.swift */,
				2E43CC6E40DC0E70C171F47E /* FirstUseView.swift */,
				093BB4C87BB287DEEF4C82D4 /* OnboardingAnswers.swift */,
				B81A7A846268DDB13563347F /* OnboardingFlow.swift */,
				1C563728D3BDCA753BECF337 /* OnboardingScaffold.swift */,
				3D5ED41C9B96D5E2180D3006 /* OptionCard.swift */,
				4442F6D8FC00924EFF766298 /* PlanPreviewView.swift */,
				EB95DC7ECFD078DAA05A2A27 /* PlanShape.swift */,
				08785AAB390FD2A3138DB75C /* PriorAttempt.swift */,
				2E45457AC76C6CF565C978F6 /* QuitDateView.swift */,
				EB37897EAEF2B704CA943033 /* ReadinessView.swift */,
				29BE0845DD8EEF48524461D6 /* SickInBedView.swift */,
				67A1AAE4753C3A9A6A89AC8F /* StartingLineView.swift */,
				42AA9319A756BB1539B49424 /* StrengthView.swift */,
				ADAEFE419C7110C11C8E6A5D /* TreatmentView.swift */,
				B8C10A0C2752D96ED354F6C8 /* TriedBeforeView.swift */,
				6D11BCE9F23EB213922A688E /* Trigger.swift */,
				300FADDE21E940AC947261F7 /* TriggersView.swift */,
				5B7D8C0AB9BF610956BAD8A3 /* WhatYouUseView.swift */,
			);
			path = Onboarding;
			sourceTree = "<group>";
		};
		921EA7E70982D9D262D56A38 /* App */ = {
			isa = PBXGroup;
			children = (
				17238832684900B8083CBB09 /* AppConfiguration.swift */,
				A9B9903E0264C634FF6C6E5F /* TaperApp.swift */,
				A368BD902DA675BEB3D02749 /* TaperTab.swift */,
				532DB0500227003AC5EB5DF3 /* TaperTabs.swift */,
			);
			path = App;
			sourceTree = "<group>";
		};
		9BC5A4B14F3F3FF2BBE4709A /* Shared */ = {
			isa = PBXGroup;
			children = (
				F4010A1E5CDD594D36236422 /* BackControl.swift */,
				4C09E98736915DB3594FA5CC /* DayTrack.swift */,
				A03487C1456CABB3DC9055A1 /* NicotineMark.swift */,
			);
			path = Shared;
			sourceTree = "<group>";
		};
		A2505B930BD0931EE4D48941 = {
			isa = PBXGroup;
			children = (
				4063C3011420B77737E1076E /* ios */,
				D3F129C334596A4D1670C46E /* Taper */,
				7B943402C0921AFA5732AC18 /* TaperTests */,
				0DC10DCC8B9FC59D439F0227 /* TaperUITests */,
				CEC6B3B6654A56B0F01BCB99 /* Products */,
			);
			sourceTree = "<group>";
		};
		B7CF7635CA931D6444E011B8 /* Resources */ = {
			isa = PBXGroup;
			children = (
				63F7D57B4CA77D384577A81C /* Assets.xcassets */,
				878DB78BEC425F63B60C1393 /* Info.plist */,
				699DC2959DC733A7F46ADDF4 /* Fonts */,
			);
			path = Resources;
			sourceTree = "<group>";
		};
		CEC6B3B6654A56B0F01BCB99 /* Products */ = {
			isa = PBXGroup;
			children = (
				A3907ACFA103C7A45EF00015 /* Taper.app */,
				18B449F8640CEFAA743C9ADE /* TaperTests.xctest */,
				1C6DB23828F92F8B4EE1A339 /* TaperUITests.xctest */,
			);
			name = Products;
			sourceTree = "<group>";
		};
		D119BFA8C79F170BA31E8EF2 /* Domain */ = {
			isa = PBXGroup;
			children = (
				455904243A3D920555A6529C /* AgeGate.swift */,
				F00A51CDF3AFF7D94A08109B /* PadKey.swift */,
				1D5472AAD3EF0D196C12393E /* PadSelection.swift */,
				C8CE03E1DFE9D4B43113814E /* PlanPreview.swift */,
				D72B9A0FEF4622A958D65D39 /* PlanProgress.swift */,
				A69F8D2D5922193467A92830 /* QuitDate.swift */,
				5218152C4EC89C9B5D06D692 /* StartingLine.swift */,
				D1FCEA66261E0D1BADA40F2A /* TaperPlan.swift */,
				C18DD771ED2E08D20CCDAB94 /* TaperPlanDraft.swift */,
				142209CB7BE6DD26367BB3ED /* TodaysTally.swift */,
				9C1766359067A8528CBEB51E /* Treatment.swift */,
			);
			path = Domain;
			sourceTree = "<group>";
		};
		D3F129C334596A4D1670C46E /* Taper */ = {
			isa = PBXGroup;
			children = (
				921EA7E70982D9D262D56A38 /* App */,
				116CCFF805AA7DCDE2C37141 /* Data */,
				F6061D640A89BA3E01CD9C06 /* Design */,
				D119BFA8C79F170BA31E8EF2 /* Domain */,
				49B7B8F0DA18DE4516753F14 /* Home */,
				0007BBFA873E0E9D71790521 /* Networking */,
				871C1EB35ACC873E654C8086 /* Onboarding */,
				F3824DDCABE37035E81E514D /* Pad */,
				B7CF7635CA931D6444E011B8 /* Resources */,
				9BC5A4B14F3F3FF2BBE4709A /* Shared */,
			);
			path = Taper;
			sourceTree = "<group>";
		};
		F3824DDCABE37035E81E514D /* Pad */ = {
			isa = PBXGroup;
			children = (
				FA00ED9C801626583C7F0F8F /* CapMeter.swift */,
				FBD1FA4880F90D7EA4A5BA29 /* PadActionBar.swift */,
				023D87A309D4250BB9299DF8 /* PadKeyTile.swift */,
				2A1EA9F6ED4DB4CA8CC73907 /* PadView.swift */,
			);
			path = Pad;
			sourceTree = "<group>";
		};
		F6061D640A89BA3E01CD9C06 /* Design */ = {
			isa = PBXGroup;
			children = (
				F975269EB5F504D1744C6A25 /* Controls.swift */,
				EE711B9158A40AC1D87F748F /* DesignTokens.swift */,
			);
			path = Design;
			sourceTree = "<group>";
		};
/* End PBXGroup section */

/* Begin PBXNativeTarget section */
		68AB04279C4D6D1204D0EECD /* TaperTests */ = {
			isa = PBXNativeTarget;
			buildConfigurationList = 79707F7BE49C086CC76C45BD /* Build configuration list for PBXNativeTarget "TaperTests" */;
			buildPhases = (
				1FDF4E33573757EAA842C9DE /* Sources */,
				D28BCBBCAC5A61BEFBD7EAB7 /* Frameworks */,
			);
			buildRules = (
			);
			dependencies = (
				0B731277D20895381483D07D /* PBXTargetDependency */,
			);
			name = TaperTests;
			packageProductDependencies = (
				9123F90062D0D9304669E9B2 /* Supabase */,
			);
			productName = TaperTests;
			productReference = 18B449F8640CEFAA743C9ADE /* TaperTests.xctest */;
			productType = "com.apple.product-type.bundle.unit-test";
		};
		E68DBAA8FB8825F97AFD8BCF /* TaperUITests */ = {
			isa = PBXNativeTarget;
			buildConfigurationList = 947F6C01C1BAD7F45FB87865 /* Build configuration list for PBXNativeTarget "TaperUITests" */;
			buildPhases = (
				1F7413E0443679599DC4CA61 /* Sources */,
			);
			buildRules = (
			);
			dependencies = (
				C84238615154A566CDA4B2C9 /* PBXTargetDependency */,
			);
			name = TaperUITests;
			packageProductDependencies = (
			);
			productName = TaperUITests;
			productReference = 1C6DB23828F92F8B4EE1A339 /* TaperUITests.xctest */;
			productType = "com.apple.product-type.bundle.ui-testing";
		};
		EE06B5AE23DD110257F93A16 /* Taper */ = {
			isa = PBXNativeTarget;
			buildConfigurationList = 245B595019E53FA1F16D6C4A /* Build configuration list for PBXNativeTarget "Taper" */;
			buildPhases = (
				5560E4AC6D84B6AC2979F4FD /* Sources */,
				B45D67836D24B8E2EC8A366D /* Resources */,
				6CBE9BBA314E31AE7B901843 /* Frameworks */,
			);
			buildRules = (
			);
			dependencies = (
			);
			name = Taper;
			packageProductDependencies = (
				1756A8AE10A5643796F48366 /* Supabase */,
			);
			productName = Taper;
			productReference = A3907ACFA103C7A45EF00015 /* Taper.app */;
			productType = "com.apple.product-type.application";
		};
/* End PBXNativeTarget section */

/* Begin PBXProject section */
		D95056CE5330765819B5B78E /* Project object */ = {
			isa = PBXProject;
			attributes = {
				BuildIndependentTargetsInParallel = YES;
				LastUpgradeCheck = 1430;
				TargetAttributes = {
					E68DBAA8FB8825F97AFD8BCF = {
						TestTargetID = EE06B5AE23DD110257F93A16;
					};
				};
			};
			buildConfigurationList = B0E3E8BB7B0068D0A6200CC5 /* Build configuration list for PBXProject "Taper" */;
			developmentRegion = en;
			hasScannedForEncodings = 0;
			knownRegions = (
				Base,
				en,
			);
			mainGroup = A2505B930BD0931EE4D48941;
			minimizedProjectReferenceProxies = 1;
			packageReferences = (
				204234518E3AA0696F322E23 /* XCRemoteSwiftPackageReference "supabase-swift" */,
			);
			preferredProjectObjectVersion = 77;
			productRefGroup = CEC6B3B6654A56B0F01BCB99 /* Products */;
			projectDirPath = "";
			projectRoot = "";
			targets = (
				EE06B5AE23DD110257F93A16 /* Taper */,
				68AB04279C4D6D1204D0EECD /* TaperTests */,
				E68DBAA8FB8825F97AFD8BCF /* TaperUITests */,
			);
		};
/* End PBXProject section */

/* Begin PBXResourcesBuildPhase section */
		B45D67836D24B8E2EC8A366D /* Resources */ = {
			isa = PBXResourcesBuildPhase;
			buildActionMask = 2147483647;
			files = (
				B89DF6FFA0FE064713A779F9 /* Assets.xcassets in Resources */,
				3EFA9747A84E105F80435DFD /* Ginger.otf in Resources */,
				AD05E71ABAF750C27AE4956F /* LinearGrotesk-Medium.otf in Resources */,
				20ED3ECE29DE0547B9356A53 /* LinearGrotesk-Regular.otf in Resources */,
				A26489120B610E40114135DC /* LinearGrotesk-SemiBold.otf in Resources */,
			);
			runOnlyForDeploymentPostprocessing = 0;
		};
/* End PBXResourcesBuildPhase section */

/* Begin PBXSourcesBuildPhase section */
		1F7413E0443679599DC4CA61 /* Sources */ = {
			isa = PBXSourcesBuildPhase;
			buildActionMask = 2147483647;
			files = (
				3CACAE459BB033FFC668B8D1 /* AgeGateRunTests.swift in Sources */,
				A65B4D477181B1DF0C5E40D6 /* OnboardingRunTests.swift in Sources */,
				7CF719E37B2E4EE6A68A9849 /* PadRunTests.swift in Sources */,
				421DF875F124088B9A404247 /* TaperRunCase.swift in Sources */,
			);
			runOnlyForDeploymentPostprocessing = 0;
		};
		1FDF4E33573757EAA842C9DE /* Sources */ = {
			isa = PBXSourcesBuildPhase;
			buildActionMask = 2147483647;
			files = (
				095A3168DFDDE095210C453A /* AgeGateTests.swift in Sources */,
				782A621853172C09CA2D8238 /* CheckInEditTests.swift in Sources */,
				009FD55C98E5EAE76374091D /* CheckInStoreTests.swift in Sources */,
				098B6622974DA110BDA7A5C5 /* CleanNumberTests.swift in Sources */,
				579C340C0BE2A9C1E4870510 /* ConfigurationTests.swift in Sources */,
				F9DC16D7896F210B92C01CD8 /* DayTrackTests.swift in Sources */,
				7C5A03BCA1E0793EF470F0C0 /* DesignTokenTests.swift in Sources */,
				BA19A94840B0D6EDDE909800 /* HTTPClientTests.swift in Sources */,
				7BE5341D70A65DC5C4C1DBC3 /* NicotineMarkTests.swift in Sources */,
				F27B8E52E6909FD0813F0402 /* OnboardingTests.swift in Sources */,
				2F776532ECCCC2D5C65020EB /* PadKeyStoreTests.swift in Sources */,
				F5D11A597CF3E5EF7925075B /* PadKeyTests.swift in Sources */,
				DC85DF3A980C421F0613913E /* PadRecordTests.swift in Sources */,
				D5E11560EF09DAD985F07964 /* PadSelectionTests.swift in Sources */,
				2900CBD113C33E7E6B0753C4 /* PlanProgressTests.swift in Sources */,
				73E63E6533098B20969D4EF7 /* PlanRecordTests.swift in Sources */,
				32A0BE9D766122AE40632C9C /* SessionCoordinatorTests.swift in Sources */,
				0A5C68E2CDE284CBF031B1C3 /* TaperPlanStoreTests.swift in Sources */,
				8E340508CF6AD45215AEFFA0 /* TaperPlanTests.swift in Sources */,
				5B82562F9EA752CE9DAE1DDB /* TodayListTests.swift in Sources */,
				7320791C1E1BCD24F1068CB1 /* TodayRecordTests.swift in Sources */,
				D2B2C97B8CD0DD3096075254 /* TodaySoFarCardTests.swift in Sources */,
				96B207CB5A6C660744D6DF15 /* TodaysTallyTests.swift in Sources */,
			);
			runOnlyForDeploymentPostprocessing = 0;
		};
		5560E4AC6D84B6AC2979F4FD /* Sources */ = {
			isa = PBXSourcesBuildPhase;
			buildActionMask = 2147483647;
			files = (
				DA0866AAF96102FAE82CA16E /* AgeGate.swift in Sources */,
				A9F27E1C4941FEEBD02B53BC /* AgeGateView.swift in Sources */,
				6FC5F8FF70EEE97E2A587D01 /* AmountView.swift in Sources */,
				98AF5F5F106A9B6BEFBB0D75 /* AppConfiguration.swift in Sources */,
				7B99E8E00A53E7392349786F /* BackControl.swift in Sources */,
				DDFBD225F7AFF64FDD535DD4 /* CapMeter.swift in Sources */,
				1C5189212159159084EBDF63 /* CheckInEditView.swift in Sources */,
				B8B045739B342AF7403E3D45 /* CheckInStore.swift in Sources */,
				DF19A8B86E15E68CEDD4948C /* Controls.swift in Sources */,
				7C82B2CC78800410E0BC19C9 /* DayTrack.swift in Sources */,
				B495B01DAD58B742106956BB /* DesignTokens.swift in Sources */,
				F130D3ABB24EFA3BCC9F8307 /* FirstUseView.swift in Sources */,
				31C8052264059261B282EEE2 /* HTTPClient.swift in Sources */,
				3F684FE5B56FA5DD28E3ACAF /* HomeView.swift in Sources */,
				DBF354CC66F11455190DF7B0 /* NicotineMark.swift in Sources */,
				C41C9FD243F5C93219A7B2AE /* OnboardingAnswers.swift in Sources */,
				0B36B57889B1BF115E4996B9 /* OnboardingFlow.swift in Sources */,
				6CEFD467EB5512459E0A15A6 /* OnboardingScaffold.swift in Sources */,
				DFBBEB788F27E6750C1E8D0D /* OptionCard.swift in Sources */,
				484244286E837CD23F7A442B /* PadActionBar.swift in Sources */,
				31F8639ED45E27F1E962635E /* PadKey.swift in Sources */,
				9538768352F4B4C5F5BE0ED2 /* PadKeyStore.swift in Sources */,
				35EE2A5244206B4871D6F8D2 /* PadKeyTile.swift in Sources */,
				46709EE23E8233449745DA86 /* PadRecord.swift in Sources */,
				59B279A4C5314A6EFCB68F52 /* PadSelection.swift in Sources */,
				042B4D66BFA2B2C66D8C74C7 /* PadView.swift in Sources */,
				5FDF70B60F61B72A27995CAD /* PlanPreview.swift in Sources */,
				BB130F9CEEB993188D46CB19 /* PlanPreviewView.swift in Sources */,
				59CE24C6476EDA822E2ABD29 /* PlanProgress.swift in Sources */,
				4297BB6C43A7D64AB507AA10 /* PlanRecord.swift in Sources */,
				11E30672A79775DC15E4EF95 /* PlanShape.swift in Sources */,
				17D35882393DA61139A50BE6 /* PriorAttempt.swift in Sources */,
				A0D9656FB8FBFA282F86E1E1 /* QuitDate.swift in Sources */,
				27B5638EC436F5F8FC70DA39 /* QuitDateView.swift in Sources */,
				68E94837D465D0736DFF7EFA /* ReadinessView.swift in Sources */,
				6F8E07C984B35A07EC2FB82D /* SessionCoordinator.swift in Sources */,
				9F0B1DAEDC3D1334DAA333FF /* SickInBedView.swift in Sources */,
				199779256158861C053608A1 /* StartingLine.swift in Sources */,
				22893C0087D74E2CBD5D2CD2 /* StartingLineView.swift in Sources */,
				79FD6A2D96FDD74756B4F236 /* StrengthView.swift in Sources */,
				F9AE040439B95F79AFDCC07C /* TaperApp.swift in Sources */,
				C48674CC3D48E1D870373685 /* TaperPlan.swift in Sources */,
				CEA6557283AE356C66F04431 /* TaperPlanDraft.swift in Sources */,
				BA6295E73EF573B9CEB7B34F /* TaperPlanStore.swift in Sources */,
				B9AE469C30DB893D9C393712 /* TaperTab.swift in Sources */,
				0EB3DA0ADAA962AFBD654AE2 /* TaperTabs.swift in Sources */,
				5F5D0179E202729D3067CC11 /* TodayListView.swift in Sources */,
				F98DCA94C38917A3AB92645B /* TodayRecord.swift in Sources */,
				C7BB569FEB8165AB4877C76F /* TodaySoFarCard.swift in Sources */,
				3BDAAD05A649B6D420DE5F49 /* TodaysTally.swift in Sources */,
				04CF5C0C33EAE999907A7395 /* Treatment.swift in Sources */,
				2A9727106B8648E36AD783E9 /* TreatmentView.swift in Sources */,
				2B1A2B562996A61194968B5C /* TriedBeforeView.swift in Sources */,
				46E824E0FC3E313A0C1B9436 /* Trigger.swift in Sources */,
				9E4D6288522F4AB37A15D35D /* TriggersView.swift in Sources */,
				B47CED8A2E89349A7586059B /* WhatYouUseView.swift in Sources */,
			);
			runOnlyForDeploymentPostprocessing = 0;
		};
/* End PBXSourcesBuildPhase section */

/* Begin PBXTargetDependency section */
		0B731277D20895381483D07D /* PBXTargetDependency */ = {
			isa = PBXTargetDependency;
			target = EE06B5AE23DD110257F93A16 /* Taper */;
			targetProxy = 3ED409AFE0F6BB84D253A8A4 /* PBXContainerItemProxy */;
		};
		C84238615154A566CDA4B2C9 /* PBXTargetDependency */ = {
			isa = PBXTargetDependency;
			target = EE06B5AE23DD110257F93A16 /* Taper */;
			targetProxy = B481D25280865B82FB0F5170 /* PBXContainerItemProxy */;
		};
/* End PBXTargetDependency section */

/* Begin XCBuildConfiguration section */
		00E0B87405707D96403B98B6 /* Debug */ = {
			isa = XCBuildConfiguration;
			buildSettings = {
				BUNDLE_LOADER = "$(TEST_HOST)";
				GENERATE_INFOPLIST_FILE = YES;
				LD_RUNPATH_SEARCH_PATHS = (
					"$(inherited)",
					"@executable_path/Frameworks",
					"@loader_path/Frameworks",
				);
				PRODUCT_BUNDLE_IDENTIFIER = com.graemkrietzman.TaperUITests;
				SDKROOT = iphoneos;
				TARGETED_DEVICE_FAMILY = "1,2";
				TEST_TARGET_NAME = Taper;
			};
			name = Debug;
		};
		0E11439487659AA0BFC9B399 /* Release */ = {
			isa = XCBuildConfiguration;
			buildSettings = {
				BUNDLE_LOADER = "$(TEST_HOST)";
				GENERATE_INFOPLIST_FILE = YES;
				LD_RUNPATH_SEARCH_PATHS = (
					"$(inherited)",
					"@executable_path/Frameworks",
					"@loader_path/Frameworks",
				);
				PRODUCT_BUNDLE_IDENTIFIER = com.graemkrietzman.TaperUITests;
				SDKROOT = iphoneos;
				TARGETED_DEVICE_FAMILY = "1,2";
				TEST_TARGET_NAME = Taper;
			};
			name = Release;
		};
		24A37807F6E153FDDAC09CEF /* Debug */ = {
			isa = XCBuildConfiguration;
			baseConfigurationReference = B4141AC4A48A1C21FFEBE461 /* Config.xcconfig */;
			buildSettings = {
				ASSETCATALOG_COMPILER_APPICON_NAME = AppIcon;
				CODE_SIGN_IDENTITY = "iPhone Developer";
				INFOPLIST_FILE = Taper/Resources/Info.plist;
				LD_RUNPATH_SEARCH_PATHS = (
					"$(inherited)",
					"@executable_path/Frameworks",
				);
				PRODUCT_BUNDLE_IDENTIFIER = com.graemkrietzman.taper;
				SDKROOT = iphoneos;
				TARGETED_DEVICE_FAMILY = 1;
			};
			name = Debug;
		};
		35D94143F3225AC16D159835 /* Release */ = {
			isa = XCBuildConfiguration;
			buildSettings = {
				BUNDLE_LOADER = "$(TEST_HOST)";
				GENERATE_INFOPLIST_FILE = YES;
				LD_RUNPATH_SEARCH_PATHS = (
					"$(inherited)",
					"@executable_path/Frameworks",
					"@loader_path/Frameworks",
				);
				PRODUCT_BUNDLE_IDENTIFIER = com.graemkrietzman.TaperTests;
				SDKROOT = iphoneos;
				TARGETED_DEVICE_FAMILY = "1,2";
				TEST_HOST = "$(BUILT_PRODUCTS_DIR)/Taper.app/Taper";
			};
			name = Release;
		};
		620FD3FF8F677D49C7D4981F /* Debug */ = {
			isa = XCBuildConfiguration;
			buildSettings = {
				ALWAYS_SEARCH_USER_PATHS = NO;
				CLANG_ANALYZER_NONNULL = YES;
				CLANG_ANALYZER_NUMBER_OBJECT_CONVERSION = YES_AGGRESSIVE;
				CLANG_CXX_LANGUAGE_STANDARD = "gnu++14";
				CLANG_CXX_LIBRARY = "libc++";
				CLANG_ENABLE_MODULES = YES;
				CLANG_ENABLE_OBJC_ARC = YES;
				CLANG_ENABLE_OBJC_WEAK = YES;
				CLANG_WARN_BLOCK_CAPTURE_AUTORELEASING = YES;
				CLANG_WARN_BOOL_CONVERSION = YES;
				CLANG_WARN_COMMA = YES;
				CLANG_WARN_CONSTANT_CONVERSION = YES;
				CLANG_WARN_DEPRECATED_OBJC_IMPLEMENTATIONS = YES;
				CLANG_WARN_DIRECT_OBJC_ISA_USAGE = YES_ERROR;
				CLANG_WARN_DOCUMENTATION_COMMENTS = YES;
				CLANG_WARN_EMPTY_BODY = YES;
				CLANG_WARN_ENUM_CONVERSION = YES;
				CLANG_WARN_INFINITE_RECURSION = YES;
				CLANG_WARN_INT_CONVERSION = YES;
				CLANG_WARN_NON_LITERAL_NULL_CONVERSION = YES;
				CLANG_WARN_OBJC_IMPLICIT_RETAIN_SELF = YES;
				CLANG_WARN_OBJC_LITERAL_CONVERSION = YES;
				CLANG_WARN_OBJC_ROOT_CLASS = YES_ERROR;
				CLANG_WARN_QUOTED_INCLUDE_IN_FRAMEWORK_HEADER = YES;
				CLANG_WARN_RANGE_LOOP_ANALYSIS = YES;
				CLANG_WARN_STRICT_PROTOTYPES = YES;
				CLANG_WARN_SUSPICIOUS_MOVE = YES;
				CLANG_WARN_UNGUARDED_AVAILABILITY = YES_AGGRESSIVE;
				CLANG_WARN_UNREACHABLE_CODE = YES;
				CLANG_WARN__DUPLICATE_METHOD_MATCH = YES;
				COPY_PHASE_STRIP = NO;
				DEBUG_INFORMATION_FORMAT = dwarf;
				ENABLE_STRICT_OBJC_MSGSEND = YES;
				ENABLE_TESTABILITY = YES;
				GCC_C_LANGUAGE_STANDARD = gnu11;
				GCC_DYNAMIC_NO_PIC = NO;
				GCC_NO_COMMON_BLOCKS = YES;
				GCC_OPTIMIZATION_LEVEL = 0;
				GCC_PREPROCESSOR_DEFINITIONS = (
					"$(inherited)",
					"DEBUG=1",
				);
				GCC_WARN_64_TO_32_BIT_CONVERSION = YES;
				GCC_WARN_ABOUT_RETURN_TYPE = YES_ERROR;
				GCC_WARN_UNDECLARED_SELECTOR = YES;
				GCC_WARN_UNINITIALIZED_AUTOS = YES_AGGRESSIVE;
				GCC_WARN_UNUSED_FUNCTION = YES;
				GCC_WARN_UNUSED_VARIABLE = YES;
				IPHONEOS_DEPLOYMENT_TARGET = 26.0;
				MTL_ENABLE_DEBUG_INFO = INCLUDE_SOURCE;
				MTL_FAST_MATH = YES;
				ONLY_ACTIVE_ARCH = YES;
				PRODUCT_NAME = "$(TARGET_NAME)";
				SDKROOT = iphoneos;
				SWIFT_ACTIVE_COMPILATION_CONDITIONS = DEBUG;
				SWIFT_OPTIMIZATION_LEVEL = "-Onone";
				SWIFT_VERSION = 6.0;
				TARGETED_DEVICE_FAMILY = 1;
			};
			name = Debug;
		};
		B8812F82961C3525B4F6F080 /* Debug */ = {
			isa = XCBuildConfiguration;
			buildSettings = {
				BUNDLE_LOADER = "$(TEST_HOST)";
				GENERATE_INFOPLIST_FILE = YES;
				LD_RUNPATH_SEARCH_PATHS = (
					"$(inherited)",
					"@executable_path/Frameworks",
					"@loader_path/Frameworks",
				);
				PRODUCT_BUNDLE_IDENTIFIER = com.graemkrietzman.TaperTests;
				SDKROOT = iphoneos;
				TARGETED_DEVICE_FAMILY = "1,2";
				TEST_HOST = "$(BUILT_PRODUCTS_DIR)/Taper.app/Taper";
			};
			name = Debug;
		};
		D17EE72EEE5D7C0A96D6C10D /* Release */ = {
			isa = XCBuildConfiguration;
			buildSettings = {
				ALWAYS_SEARCH_USER_PATHS = NO;
				CLANG_ANALYZER_NONNULL = YES;
				CLANG_ANALYZER_NUMBER_OBJECT_CONVERSION = YES_AGGRESSIVE;
				CLANG_CXX_LANGUAGE_STANDARD = "gnu++14";
				CLANG_CXX_LIBRARY = "libc++";
				CLANG_ENABLE_MODULES = YES;
				CLANG_ENABLE_OBJC_ARC = YES;
				CLANG_ENABLE_OBJC_WEAK = YES;
				CLANG_WARN_BLOCK_CAPTURE_AUTORELEASING = YES;
				CLANG_WARN_BOOL_CONVERSION = YES;
				CLANG_WARN_COMMA = YES;
				CLANG_WARN_CONSTANT_CONVERSION = YES;
				CLANG_WARN_DEPRECATED_OBJC_IMPLEMENTATIONS = YES;
				CLANG_WARN_DIRECT_OBJC_ISA_USAGE = YES_ERROR;
				CLANG_WARN_DOCUMENTATION_COMMENTS = YES;
				CLANG_WARN_EMPTY_BODY = YES;
				CLANG_WARN_ENUM_CONVERSION = YES;
				CLANG_WARN_INFINITE_RECURSION = YES;
				CLANG_WARN_INT_CONVERSION = YES;
				CLANG_WARN_NON_LITERAL_NULL_CONVERSION = YES;
				CLANG_WARN_OBJC_IMPLICIT_RETAIN_SELF = YES;
				CLANG_WARN_OBJC_LITERAL_CONVERSION = YES;
				CLANG_WARN_OBJC_ROOT_CLASS = YES_ERROR;
				CLANG_WARN_QUOTED_INCLUDE_IN_FRAMEWORK_HEADER = YES;
				CLANG_WARN_RANGE_LOOP_ANALYSIS = YES;
				CLANG_WARN_STRICT_PROTOTYPES = YES;
				CLANG_WARN_SUSPICIOUS_MOVE = YES;
				CLANG_WARN_UNGUARDED_AVAILABILITY = YES_AGGRESSIVE;
				CLANG_WARN_UNREACHABLE_CODE = YES;
				CLANG_WARN__DUPLICATE_METHOD_MATCH = YES;
				COPY_PHASE_STRIP = NO;
				DEBUG_INFORMATION_FORMAT = "dwarf-with-dsym";
				ENABLE_NS_ASSERTIONS = NO;
				ENABLE_STRICT_OBJC_MSGSEND = YES;
				GCC_C_LANGUAGE_STANDARD = gnu11;
				GCC_NO_COMMON_BLOCKS = YES;
				GCC_WARN_64_TO_32_BIT_CONVERSION = YES;
				GCC_WARN_ABOUT_RETURN_TYPE = YES_ERROR;
				GCC_WARN_UNDECLARED_SELECTOR = YES;
				GCC_WARN_UNINITIALIZED_AUTOS = YES_AGGRESSIVE;
				GCC_WARN_UNUSED_FUNCTION = YES;
				GCC_WARN_UNUSED_VARIABLE = YES;
				IPHONEOS_DEPLOYMENT_TARGET = 26.0;
				MTL_ENABLE_DEBUG_INFO = NO;
				MTL_FAST_MATH = YES;
				PRODUCT_NAME = "$(TARGET_NAME)";
				SDKROOT = iphoneos;
				SWIFT_COMPILATION_MODE = wholemodule;
				SWIFT_OPTIMIZATION_LEVEL = "-O";
				SWIFT_VERSION = 6.0;
				TARGETED_DEVICE_FAMILY = 1;
			};
			name = Release;
		};
		D88528A1825145C69C8D8694 /* Release */ = {
			isa = XCBuildConfiguration;
			baseConfigurationReference = B4141AC4A48A1C21FFEBE461 /* Config.xcconfig */;
			buildSettings = {
				ASSETCATALOG_COMPILER_APPICON_NAME = AppIcon;
				CODE_SIGN_IDENTITY = "iPhone Developer";
				INFOPLIST_FILE = Taper/Resources/Info.plist;
				LD_RUNPATH_SEARCH_PATHS = (
					"$(inherited)",
					"@executable_path/Frameworks",
				);
				PRODUCT_BUNDLE_IDENTIFIER = com.graemkrietzman.taper;
				SDKROOT = iphoneos;
				TARGETED_DEVICE_FAMILY = 1;
			};
			name = Release;
		};
/* End XCBuildConfiguration section */

/* Begin XCConfigurationList section */
		245B595019E53FA1F16D6C4A /* Build configuration list for PBXNativeTarget "Taper" */ = {
			isa = XCConfigurationList;
			buildConfigurations = (
				24A37807F6E153FDDAC09CEF /* Debug */,
				D88528A1825145C69C8D8694 /* Release */,
			);
			defaultConfigurationIsVisible = 0;
			defaultConfigurationName = Debug;
		};
		79707F7BE49C086CC76C45BD /* Build configuration list for PBXNativeTarget "TaperTests" */ = {
			isa = XCConfigurationList;
			buildConfigurations = (
				B8812F82961C3525B4F6F080 /* Debug */,
				35D94143F3225AC16D159835 /* Release */,
			);
			defaultConfigurationIsVisible = 0;
			defaultConfigurationName = Debug;
		};
		947F6C01C1BAD7F45FB87865 /* Build configuration list for PBXNativeTarget "TaperUITests" */ = {
			isa = XCConfigurationList;
			buildConfigurations = (
				00E0B87405707D96403B98B6 /* Debug */,
				0E11439487659AA0BFC9B399 /* Release */,
			);
			defaultConfigurationIsVisible = 0;
			defaultConfigurationName = Debug;
		};
		B0E3E8BB7B0068D0A6200CC5 /* Build configuration list for PBXProject "Taper" */ = {
			isa = XCConfigurationList;
			buildConfigurations = (
				620FD3FF8F677D49C7D4981F /* Debug */,
				D17EE72EEE5D7C0A96D6C10D /* Release */,
			);
			defaultConfigurationIsVisible = 0;
			defaultConfigurationName = Debug;
		};
/* End XCConfigurationList section */

/* Begin XCRemoteSwiftPackageReference section */
		204234518E3AA0696F322E23 /* XCRemoteSwiftPackageReference "supabase-swift" */ = {
			isa = XCRemoteSwiftPackageReference;
			repositoryURL = "https://github.com/supabase/supabase-swift";
			requirement = {
				kind = exactVersion;
				version = 2.55.1;
			};
		};
/* End XCRemoteSwiftPackageReference section */

/* Begin XCSwiftPackageProductDependency section */
		1756A8AE10A5643796F48366 /* Supabase */ = {
			isa = XCSwiftPackageProductDependency;
			package = 204234518E3AA0696F322E23 /* XCRemoteSwiftPackageReference "supabase-swift" */;
			productName = Supabase;
		};
		9123F90062D0D9304669E9B2 /* Supabase */ = {
			isa = XCSwiftPackageProductDependency;
			package = 204234518E3AA0696F322E23 /* XCRemoteSwiftPackageReference "supabase-swift" */;
			productName = Supabase;
		};
/* End XCSwiftPackageProductDependency section */
	};
	rootObject = D95056CE5330765819B5B78E /* Project object */;
}
