// !$*UTF8*$!
{
	archiveVersion = 1;
	classes = {
	};
	objectVersion = 77;
	objects = {

/* Begin PBXBuildFile section */
		20ED3ECE29DE0547B9356A53 /* LinearGrotesk-Regular.otf in Resources */ = {isa = PBXBuildFile; fileRef = 77C2C69AA733464C0B820675 /* LinearGrotesk-Regular.otf */; };
		222A8572E9A13370F23CAF8B /* Supabase in Frameworks */ = {isa = PBXBuildFile; productRef = 1756A8AE10A5643796F48366 /* Supabase */; };
		31C8052264059261B282EEE2 /* HTTPClient.swift in Sources */ = {isa = PBXBuildFile; fileRef = 54D21CAB02E0AF2377EC8881 /* HTTPClient.swift */; };
		3EFA9747A84E105F80435DFD /* Ginger.otf in Resources */ = {isa = PBXBuildFile; fileRef = 7647D93BDDDDB17B5CEDB528 /* Ginger.otf */; };
		579C340C0BE2A9C1E4870510 /* ConfigurationTests.swift in Sources */ = {isa = PBXBuildFile; fileRef = 6CA102815244A5E1377B5A7C /* ConfigurationTests.swift */; };
		6F8E07C984B35A07EC2FB82D /* SessionCoordinator.swift in Sources */ = {isa = PBXBuildFile; fileRef = B81A908B1CD8408CDBD9D905 /* SessionCoordinator.swift */; };
		7C5A03BCA1E0793EF470F0C0 /* DesignTokenTests.swift in Sources */ = {isa = PBXBuildFile; fileRef = B216B7882EC0F27F7C2CC757 /* DesignTokenTests.swift */; };
		8E340508CF6AD45215AEFFA0 /* TaperPlanTests.swift in Sources */ = {isa = PBXBuildFile; fileRef = C388174D171CDC5BE2E93A90 /* TaperPlanTests.swift */; };
		98AF5F5F106A9B6BEFBB0D75 /* AppConfiguration.swift in Sources */ = {isa = PBXBuildFile; fileRef = 17238832684900B8083CBB09 /* AppConfiguration.swift */; };
		A26489120B610E40114135DC /* LinearGrotesk-SemiBold.otf in Resources */ = {isa = PBXBuildFile; fileRef = 58A09EF7EF844EE19A6EA3D2 /* LinearGrotesk-SemiBold.otf */; };
		AD05E71ABAF750C27AE4956F /* LinearGrotesk-Medium.otf in Resources */ = {isa = PBXBuildFile; fileRef = 1DE62009096443C1C6F3B1FA /* LinearGrotesk-Medium.otf */; };
		B495B01DAD58B742106956BB /* DesignTokens.swift in Sources */ = {isa = PBXBuildFile; fileRef = EE711B9158A40AC1D87F748F /* DesignTokens.swift */; };
		B89DF6FFA0FE064713A779F9 /* Assets.xcassets in Resources */ = {isa = PBXBuildFile; fileRef = 63F7D57B4CA77D384577A81C /* Assets.xcassets */; };
		BA19A94840B0D6EDDE909800 /* HTTPClientTests.swift in Sources */ = {isa = PBXBuildFile; fileRef = 0CD1316F44498C566B2C429B /* HTTPClientTests.swift */; };
		C48674CC3D48E1D870373685 /* TaperPlan.swift in Sources */ = {isa = PBXBuildFile; fileRef = D1FCEA66261E0D1BADA40F2A /* TaperPlan.swift */; };
		DF19A8B86E15E68CEDD4948C /* Controls.swift in Sources */ = {isa = PBXBuildFile; fileRef = F975269EB5F504D1744C6A25 /* Controls.swift */; };
		F9AE040439B95F79AFDCC07C /* TaperApp.swift in Sources */ = {isa = PBXBuildFile; fileRef = A9B9903E0264C634FF6C6E5F /* TaperApp.swift */; };
/* End PBXBuildFile section */

/* Begin PBXContainerItemProxy section */
		3ED409AFE0F6BB84D253A8A4 /* PBXContainerItemProxy */ = {
			isa = PBXContainerItemProxy;
			containerPortal = D95056CE5330765819B5B78E /* Project object */;
			proxyType = 1;
			remoteGlobalIDString = EE06B5AE23DD110257F93A16;
			remoteInfo = Taper;
		};
/* End PBXContainerItemProxy section */

/* Begin PBXFileReference section */
		0CD1316F44498C566B2C429B /* HTTPClientTests.swift */ = {isa = PBXFileReference; lastKnownFileType = sourcecode.swift; path = HTTPClientTests.swift; sourceTree = "<group>"; };
		17238832684900B8083CBB09 /* AppConfiguration.swift */ = {isa = PBXFileReference; lastKnownFileType = sourcecode.swift; path = AppConfiguration.swift; sourceTree = "<group>"; };
		18B449F8640CEFAA743C9ADE /* TaperTests.xctest */ = {isa = PBXFileReference; includeInIndex = 0; lastKnownFileType = wrapper.cfbundle; path = TaperTests.xctest; sourceTree = BUILT_PRODUCTS_DIR; };
		1DE62009096443C1C6F3B1FA /* LinearGrotesk-Medium.otf */ = {isa = PBXFileReference; lastKnownFileType = file; path = "LinearGrotesk-Medium.otf"; sourceTree = "<group>"; };
		54D21CAB02E0AF2377EC8881 /* HTTPClient.swift */ = {isa = PBXFileReference; lastKnownFileType = sourcecode.swift; path = HTTPClient.swift; sourceTree = "<group>"; };
		58A09EF7EF844EE19A6EA3D2 /* LinearGrotesk-SemiBold.otf */ = {isa = PBXFileReference; lastKnownFileType = file; path = "LinearGrotesk-SemiBold.otf"; sourceTree = "<group>"; };
		63F7D57B4CA77D384577A81C /* Assets.xcassets */ = {isa = PBXFileReference; lastKnownFileType = folder.assetcatalog; path = Assets.xcassets; sourceTree = "<group>"; };
		6CA102815244A5E1377B5A7C /* ConfigurationTests.swift */ = {isa = PBXFileReference; lastKnownFileType = sourcecode.swift; path = ConfigurationTests.swift; sourceTree = "<group>"; };
		7647D93BDDDDB17B5CEDB528 /* Ginger.otf */ = {isa = PBXFileReference; lastKnownFileType = file; path = Ginger.otf; sourceTree = "<group>"; };
		77C2C69AA733464C0B820675 /* LinearGrotesk-Regular.otf */ = {isa = PBXFileReference; lastKnownFileType = file; path = "LinearGrotesk-Regular.otf"; sourceTree = "<group>"; };
		878DB78BEC425F63B60C1393 /* Info.plist */ = {isa = PBXFileReference; lastKnownFileType = text.plist; path = Info.plist; sourceTree = "<group>"; };
		A3907ACFA103C7A45EF00015 /* Taper.app */ = {isa = PBXFileReference; includeInIndex = 0; lastKnownFileType = wrapper.application; path = Taper.app; sourceTree = BUILT_PRODUCTS_DIR; };
		A9B9903E0264C634FF6C6E5F /* TaperApp.swift */ = {isa = PBXFileReference; lastKnownFileType = sourcecode.swift; path = TaperApp.swift; sourceTree = "<group>"; };
		B216B7882EC0F27F7C2CC757 /* DesignTokenTests.swift */ = {isa = PBXFileReference; lastKnownFileType = sourcecode.swift; path = DesignTokenTests.swift; sourceTree = "<group>"; };
		B4141AC4A48A1C21FFEBE461 /* Config.xcconfig */ = {isa = PBXFileReference; lastKnownFileType = text.xcconfig; path = Config.xcconfig; sourceTree = "<group>"; };
		B81A908B1CD8408CDBD9D905 /* SessionCoordinator.swift */ = {isa = PBXFileReference; lastKnownFileType = sourcecode.swift; path = SessionCoordinator.swift; sourceTree = "<group>"; };
		C388174D171CDC5BE2E93A90 /* TaperPlanTests.swift */ = {isa = PBXFileReference; lastKnownFileType = sourcecode.swift; path = TaperPlanTests.swift; sourceTree = "<group>"; };
		D1FCEA66261E0D1BADA40F2A /* TaperPlan.swift */ = {isa = PBXFileReference; lastKnownFileType = sourcecode.swift; path = TaperPlan.swift; sourceTree = "<group>"; };
		EE711B9158A40AC1D87F748F /* DesignTokens.swift */ = {isa = PBXFileReference; lastKnownFileType = sourcecode.swift; path = DesignTokens.swift; sourceTree = "<group>"; };
		F975269EB5F504D1744C6A25 /* Controls.swift */ = {isa = PBXFileReference; lastKnownFileType = sourcecode.swift; path = Controls.swift; sourceTree = "<group>"; };
/* End PBXFileReference section */

/* Begin PBXFrameworksBuildPhase section */
		6CBE9BBA314E31AE7B901843 /* Frameworks */ = {
			isa = PBXFrameworksBuildPhase;
			buildActionMask = 2147483647;
			files = (
				222A8572E9A13370F23CAF8B /* Supabase in Frameworks */,
			);
			runOnlyForDeploymentPostprocessing = 0;
		};
/* End PBXFrameworksBuildPhase section */

/* Begin PBXGroup section */
		0007BBFA873E0E9D71790521 /* Networking */ = {
			isa = PBXGroup;
			children = (
				54D21CAB02E0AF2377EC8881 /* HTTPClient.swift */,
			);
			path = Networking;
			sourceTree = "<group>";
		};
		116CCFF805AA7DCDE2C37141 /* Data */ = {
			isa = PBXGroup;
			children = (
				B81A908B1CD8408CDBD9D905 /* SessionCoordinator.swift */,
			);
			path = Data;
			sourceTree = "<group>";
		};
		4063C3011420B77737E1076E /* ios */ = {
			isa = PBXGroup;
			children = (
				B4141AC4A48A1C21FFEBE461 /* Config.xcconfig */,
			);
			name = ios;
			path = .;
			sourceTree = "<group>";
		};
		699DC2959DC733A7F46ADDF4 /* Fonts */ = {
			isa = PBXGroup;
			children = (
				7647D93BDDDDB17B5CEDB528 /* Ginger.otf */,
				1DE62009096443C1C6F3B1FA /* LinearGrotesk-Medium.otf */,
				77C2C69AA733464C0B820675 /* LinearGrotesk-Regular.otf */,
				58A09EF7EF844EE19A6EA3D2 /* LinearGrotesk-SemiBold.otf */,
			);
			path = Fonts;
			sourceTree = "<group>";
		};
		7B943402C0921AFA5732AC18 /* TaperTests */ = {
			isa = PBXGroup;
			children = (
				6CA102815244A5E1377B5A7C /* ConfigurationTests.swift */,
				B216B7882EC0F27F7C2CC757 /* DesignTokenTests.swift */,
				0CD1316F44498C566B2C429B /* HTTPClientTests.swift */,
				C388174D171CDC5BE2E93A90 /* TaperPlanTests.swift */,
			);
			path = TaperTests;
			sourceTree = "<group>";
		};
		921EA7E70982D9D262D56A38 /* App */ = {
			isa = PBXGroup;
			children = (
				17238832684900B8083CBB09 /* AppConfiguration.swift */,
				A9B9903E0264C634FF6C6E5F /* TaperApp.swift */,
			);
			path = App;
			sourceTree = "<group>";
		};
		A2505B930BD0931EE4D48941 = {
			isa = PBXGroup;
			children = (
				4063C3011420B77737E1076E /* ios */,
				D3F129C334596A4D1670C46E /* Taper */,
				7B943402C0921AFA5732AC18 /* TaperTests */,
				CEC6B3B6654A56B0F01BCB99 /* Products */,
			);
			sourceTree = "<group>";
		};
		B7CF7635CA931D6444E011B8 /* Resources */ = {
			isa = PBXGroup;
			children = (
				63F7D57B4CA77D384577A81C /* Assets.xcassets */,
				878DB78BEC425F63B60C1393 /* Info.plist */,
				699DC2959DC733A7F46ADDF4 /* Fonts */,
			);
			path = Resources;
			sourceTree = "<group>";
		};
		CEC6B3B6654A56B0F01BCB99 /* Products */ = {
			isa = PBXGroup;
			children = (
				A3907ACFA103C7A45EF00015 /* Taper.app */,
				18B449F8640CEFAA743C9ADE /* TaperTests.xctest */,
			);
			name = Products;
			sourceTree = "<group>";
		};
		D119BFA8C79F170BA31E8EF2 /* Domain */ = {
			isa = PBXGroup;
			children = (
				D1FCEA66261E0D1BADA40F2A /* TaperPlan.swift */,
			);
			path = Domain;
			sourceTree = "<group>";
		};
		D3F129C334596A4D1670C46E /* Taper */ = {
			isa = PBXGroup;
			children = (
				921EA7E70982D9D262D56A38 /* App */,
				116CCFF805AA7DCDE2C37141 /* Data */,
				F6061D640A89BA3E01CD9C06 /* Design */,
				D119BFA8C79F170BA31E8EF2 /* Domain */,
				0007BBFA873E0E9D71790521 /* Networking */,
				B7CF7635CA931D6444E011B8 /* Resources */,
			);
			path = Taper;
			sourceTree = "<group>";
		};
		F6061D640A89BA3E01CD9C06 /* Design */ = {
			isa = PBXGroup;
			children = (
				F975269EB5F504D1744C6A25 /* Controls.swift */,
				EE711B9158A40AC1D87F748F /* DesignTokens.swift */,
			);
			path = Design;
			sourceTree = "<group>";
		};
/* End PBXGroup section */

/* Begin PBXNativeTarget section */
		68AB04279C4D6D1204D0EECD /* TaperTests */ = {
			isa = PBXNativeTarget;
			buildConfigurationList = 79707F7BE49C086CC76C45BD /* Build configuration list for PBXNativeTarget "TaperTests" */;
			buildPhases = (
				1FDF4E33573757EAA842C9DE /* Sources */,
			);
			buildRules = (
			);
			dependencies = (
				0B731277D20895381483D07D /* PBXTargetDependency */,
			);
			name = TaperTests;
			packageProductDependencies = (
			);
			productName = TaperTests;
			productReference = 18B449F8640CEFAA743C9ADE /* TaperTests.xctest */;
			productType = "com.apple.product-type.bundle.unit-test";
		};
		EE06B5AE23DD110257F93A16 /* Taper */ = {
			isa = PBXNativeTarget;
			buildConfigurationList = 245B595019E53FA1F16D6C4A /* Build configuration list for PBXNativeTarget "Taper" */;
			buildPhases = (
				5560E4AC6D84B6AC2979F4FD /* Sources */,
				B45D67836D24B8E2EC8A366D /* Resources */,
				6CBE9BBA314E31AE7B901843 /* Frameworks */,
			);
			buildRules = (
			);
			dependencies = (
			);
			name = Taper;
			packageProductDependencies = (
				1756A8AE10A5643796F48366 /* Supabase */,
			);
			productName = Taper;
			productReference = A3907ACFA103C7A45EF00015 /* Taper.app */;
			productType = "com.apple.product-type.application";
		};
/* End PBXNativeTarget section */

/* Begin PBXProject section */
		D95056CE5330765819B5B78E /* Project object */ = {
			isa = PBXProject;
			attributes = {
				BuildIndependentTargetsInParallel = YES;
				LastUpgradeCheck = 1430;
				TargetAttributes = {
				};
			};
			buildConfigurationList = B0E3E8BB7B0068D0A6200CC5 /* Build configuration list for PBXProject "Taper" */;
			developmentRegion = en;
			hasScannedForEncodings = 0;
			knownRegions = (
				Base,
				en,
			);
			mainGroup = A2505B930BD0931EE4D48941;
			minimizedProjectReferenceProxies = 1;
			packageReferences = (
				204234518E3AA0696F322E23 /* XCRemoteSwiftPackageReference "supabase-swift" */,
			);
			preferredProjectObjectVersion = 77;
			productRefGroup = CEC6B3B6654A56B0F01BCB99 /* Products */;
			projectDirPath = "";
			projectRoot = "";
			targets = (
				EE06B5AE23DD110257F93A16 /* Taper */,
				68AB04279C4D6D1204D0EECD /* TaperTests */,
			);
		};
/* End PBXProject section */

/* Begin PBXResourcesBuildPhase section */
		B45D67836D24B8E2EC8A366D /* Resources */ = {
			isa = PBXResourcesBuildPhase;
			buildActionMask = 2147483647;
			files = (
				B89DF6FFA0FE064713A779F9 /* Assets.xcassets in Resources */,
				3EFA9747A84E105F80435DFD /* Ginger.otf in Resources */,
				AD05E71ABAF750C27AE4956F /* LinearGrotesk-Medium.otf in Resources */,
				20ED3ECE29DE0547B9356A53 /* LinearGrotesk-Regular.otf in Resources */,
				A26489120B610E40114135DC /* LinearGrotesk-SemiBold.otf in Resources */,
			);
			runOnlyForDeploymentPostprocessing = 0;
		};
/* End PBXResourcesBuildPhase section */

/* Begin PBXSourcesBuildPhase section */
		1FDF4E33573757EAA842C9DE /* Sources */ = {
			isa = PBXSourcesBuildPhase;
			buildActionMask = 2147483647;
			files = (
				579C340C0BE2A9C1E4870510 /* ConfigurationTests.swift in Sources */,
				7C5A03BCA1E0793EF470F0C0 /* DesignTokenTests.swift in Sources */,
				BA19A94840B0D6EDDE909800 /* HTTPClientTests.swift in Sources */,
				8E340508CF6AD45215AEFFA0 /* TaperPlanTests.swift in Sources */,
			);
			runOnlyForDeploymentPostprocessing = 0;
		};
		5560E4AC6D84B6AC2979F4FD /* Sources */ = {
			isa = PBXSourcesBuildPhase;
			buildActionMask = 2147483647;
			files = (
				98AF5F5F106A9B6BEFBB0D75 /* AppConfiguration.swift in Sources */,
				DF19A8B86E15E68CEDD4948C /* Controls.swift in Sources */,
				B495B01DAD58B742106956BB /* DesignTokens.swift in Sources */,
				31C8052264059261B282EEE2 /* HTTPClient.swift in Sources */,
				6F8E07C984B35A07EC2FB82D /* SessionCoordinator.swift in Sources */,
				F9AE040439B95F79AFDCC07C /* TaperApp.swift in Sources */,
				C48674CC3D48E1D870373685 /* TaperPlan.swift in Sources */,
			);
			runOnlyForDeploymentPostprocessing = 0;
		};
/* End PBXSourcesBuildPhase section */

/* Begin PBXTargetDependency section */
		0B731277D20895381483D07D /* PBXTargetDependency */ = {
			isa = PBXTargetDependency;
			target = EE06B5AE23DD110257F93A16 /* Taper */;
			targetProxy = 3ED409AFE0F6BB84D253A8A4 /* PBXContainerItemProxy */;
		};
/* End PBXTargetDependency section */

/* Begin XCBuildConfiguration section */
		24A37807F6E153FDDAC09CEF /* Debug */ = {
			isa = XCBuildConfiguration;
			baseConfigurationReference = B4141AC4A48A1C21FFEBE461 /* Config.xcconfig */;
			buildSettings = {
				ASSETCATALOG_COMPILER_APPICON_NAME = AppIcon;
				CODE_SIGN_IDENTITY = "iPhone Developer";
				INFOPLIST_FILE = Taper/Resources/Info.plist;
				LD_RUNPATH_SEARCH_PATHS = (
					"$(inherited)",
					"@executable_path/Frameworks",
				);
				PRODUCT_BUNDLE_IDENTIFIER = com.graemkrietzman.taper;
				SDKROOT = iphoneos;
				TARGETED_DEVICE_FAMILY = 1;
			};
			name = Debug;
		};
		35D94143F3225AC16D159835 /* Release */ = {
			isa = XCBuildConfiguration;
			buildSettings = {
				BUNDLE_LOADER = "$(TEST_HOST)";
				GENERATE_INFOPLIST_FILE = YES;
				LD_RUNPATH_SEARCH_PATHS = (
					"$(inherited)",
					"@executable_path/Frameworks",
					"@loader_path/Frameworks",
				);
				PRODUCT_BUNDLE_IDENTIFIER = com.graemkrietzman.TaperTests;
				SDKROOT = iphoneos;
				TARGETED_DEVICE_FAMILY = "1,2";
				TEST_HOST = "$(BUILT_PRODUCTS_DIR)/Taper.app/Taper";
			};
			name = Release;
		};
		620FD3FF8F677D49C7D4981F /* Debug */ = {
			isa = XCBuildConfiguration;
			buildSettings = {
				ALWAYS_SEARCH_USER_PATHS = NO;
				CLANG_ANALYZER_NONNULL = YES;
				CLANG_ANALYZER_NUMBER_OBJECT_CONVERSION = YES_AGGRESSIVE;
				CLANG_CXX_LANGUAGE_STANDARD = "gnu++14";
				CLANG_CXX_LIBRARY = "libc++";
				CLANG_ENABLE_MODULES = YES;
				CLANG_ENABLE_OBJC_ARC = YES;
				CLANG_ENABLE_OBJC_WEAK = YES;
				CLANG_WARN_BLOCK_CAPTURE_AUTORELEASING = YES;
				CLANG_WARN_BOOL_CONVERSION = YES;
				CLANG_WARN_COMMA = YES;
				CLANG_WARN_CONSTANT_CONVERSION = YES;
				CLANG_WARN_DEPRECATED_OBJC_IMPLEMENTATIONS = YES;
				CLANG_WARN_DIRECT_OBJC_ISA_USAGE = YES_ERROR;
				CLANG_WARN_DOCUMENTATION_COMMENTS = YES;
				CLANG_WARN_EMPTY_BODY = YES;
				CLANG_WARN_ENUM_CONVERSION = YES;
				CLANG_WARN_INFINITE_RECURSION = YES;
				CLANG_WARN_INT_CONVERSION = YES;
				CLANG_WARN_NON_LITERAL_NULL_CONVERSION = YES;
				CLANG_WARN_OBJC_IMPLICIT_RETAIN_SELF = YES;
				CLANG_WARN_OBJC_LITERAL_CONVERSION = YES;
				CLANG_WARN_OBJC_ROOT_CLASS = YES_ERROR;
				CLANG_WARN_QUOTED_INCLUDE_IN_FRAMEWORK_HEADER = YES;
				CLANG_WARN_RANGE_LOOP_ANALYSIS = YES;
				CLANG_WARN_STRICT_PROTOTYPES = YES;
				CLANG_WARN_SUSPICIOUS_MOVE = YES;
				CLANG_WARN_UNGUARDED_AVAILABILITY = YES_AGGRESSIVE;
				CLANG_WARN_UNREACHABLE_CODE = YES;
				CLANG_WARN__DUPLICATE_METHOD_MATCH = YES;
				COPY_PHASE_STRIP = NO;
				DEBUG_INFORMATION_FORMAT = dwarf;
				ENABLE_STRICT_OBJC_MSGSEND = YES;
				ENABLE_TESTABILITY = YES;
				GCC_C_LANGUAGE_STANDARD = gnu11;
				GCC_DYNAMIC_NO_PIC = NO;
				GCC_NO_COMMON_BLOCKS = YES;
				GCC_OPTIMIZATION_LEVEL = 0;
				GCC_PREPROCESSOR_DEFINITIONS = (
					"$(inherited)",
					"DEBUG=1",
				);
				GCC_WARN_64_TO_32_BIT_CONVERSION = YES;
				GCC_WARN_ABOUT_RETURN_TYPE = YES_ERROR;
				GCC_WARN_UNDECLARED_SELECTOR = YES;
				GCC_WARN_UNINITIALIZED_AUTOS = YES_AGGRESSIVE;
				GCC_WARN_UNUSED_FUNCTION = YES;
				GCC_WARN_UNUSED_VARIABLE = YES;
				IPHONEOS_DEPLOYMENT_TARGET = 26.0;
				MTL_ENABLE_DEBUG_INFO = INCLUDE_SOURCE;
				MTL_FAST_MATH = YES;
				ONLY_ACTIVE_ARCH = YES;
				PRODUCT_NAME = "$(TARGET_NAME)";
				SDKROOT = iphoneos;
				SWIFT_ACTIVE_COMPILATION_CONDITIONS = DEBUG;
				SWIFT_OPTIMIZATION_LEVEL = "-Onone";
				SWIFT_VERSION = 6.0;
				TARGETED_DEVICE_FAMILY = 1;
			};
			name = Debug;
		};
		B8812F82961C3525B4F6F080 /* Debug */ = {
			isa = XCBuildConfiguration;
			buildSettings = {
				BUNDLE_LOADER = "$(TEST_HOST)";
				GENERATE_INFOPLIST_FILE = YES;
				LD_RUNPATH_SEARCH_PATHS = (
					"$(inherited)",
					"@executable_path/Frameworks",
					"@loader_path/Frameworks",
				);
				PRODUCT_BUNDLE_IDENTIFIER = com.graemkrietzman.TaperTests;
				SDKROOT = iphoneos;
				TARGETED_DEVICE_FAMILY = "1,2";
				TEST_HOST = "$(BUILT_PRODUCTS_DIR)/Taper.app/Taper";
			};
			name = Debug;
		};
		D17EE72EEE5D7C0A96D6C10D /* Release */ = {
			isa = XCBuildConfiguration;
			buildSettings = {
				ALWAYS_SEARCH_USER_PATHS = NO;
				CLANG_ANALYZER_NONNULL = YES;
				CLANG_ANALYZER_NUMBER_OBJECT_CONVERSION = YES_AGGRESSIVE;
				CLANG_CXX_LANGUAGE_STANDARD = "gnu++14";
				CLANG_CXX_LIBRARY = "libc++";
				CLANG_ENABLE_MODULES = YES;
				CLANG_ENABLE_OBJC_ARC = YES;
				CLANG_ENABLE_OBJC_WEAK = YES;
				CLANG_WARN_BLOCK_CAPTURE_AUTORELEASING = YES;
				CLANG_WARN_BOOL_CONVERSION = YES;
				CLANG_WARN_COMMA = YES;
				CLANG_WARN_CONSTANT_CONVERSION = YES;
				CLANG_WARN_DEPRECATED_OBJC_IMPLEMENTATIONS = YES;
				CLANG_WARN_DIRECT_OBJC_ISA_USAGE = YES_ERROR;
				CLANG_WARN_DOCUMENTATION_COMMENTS = YES;
				CLANG_WARN_EMPTY_BODY = YES;
				CLANG_WARN_ENUM_CONVERSION = YES;
				CLANG_WARN_INFINITE_RECURSION = YES;
				CLANG_WARN_INT_CONVERSION = YES;
				CLANG_WARN_NON_LITERAL_NULL_CONVERSION = YES;
				CLANG_WARN_OBJC_IMPLICIT_RETAIN_SELF = YES;
				CLANG_WARN_OBJC_LITERAL_CONVERSION = YES;
				CLANG_WARN_OBJC_ROOT_CLASS = YES_ERROR;
				CLANG_WARN_QUOTED_INCLUDE_IN_FRAMEWORK_HEADER = YES;
				CLANG_WARN_RANGE_LOOP_ANALYSIS = YES;
				CLANG_WARN_STRICT_PROTOTYPES = YES;
				CLANG_WARN_SUSPICIOUS_MOVE = YES;
				CLANG_WARN_UNGUARDED_AVAILABILITY = YES_AGGRESSIVE;
				CLANG_WARN_UNREACHABLE_CODE = YES;
				CLANG_WARN__DUPLICATE_METHOD_MATCH = YES;
				COPY_PHASE_STRIP = NO;
				DEBUG_INFORMATION_FORMAT = "dwarf-with-dsym";
				ENABLE_NS_ASSERTIONS = NO;
				ENABLE_STRICT_OBJC_MSGSEND = YES;
				GCC_C_LANGUAGE_STANDARD = gnu11;
				GCC_NO_COMMON_BLOCKS = YES;
				GCC_WARN_64_TO_32_BIT_CONVERSION = YES;
				GCC_WARN_ABOUT_RETURN_TYPE = YES_ERROR;
				GCC_WARN_UNDECLARED_SELECTOR = YES;
				GCC_WARN_UNINITIALIZED_AUTOS = YES_AGGRESSIVE;
				GCC_WARN_UNUSED_FUNCTION = YES;
				GCC_WARN_UNUSED_VARIABLE = YES;
				IPHONEOS_DEPLOYMENT_TARGET = 26.0;
				MTL_ENABLE_DEBUG_INFO = NO;
				MTL_FAST_MATH = YES;
				PRODUCT_NAME = "$(TARGET_NAME)";
				SDKROOT = iphoneos;
				SWIFT_COMPILATION_MODE = wholemodule;
				SWIFT_OPTIMIZATION_LEVEL = "-O";
				SWIFT_VERSION = 6.0;
				TARGETED_DEVICE_FAMILY = 1;
			};
			name = Release;
		};
		D88528A1825145C69C8D8694 /* Release */ = {
			isa = XCBuildConfiguration;
			baseConfigurationReference = B4141AC4A48A1C21FFEBE461 /* Config.xcconfig */;
			buildSettings = {
				ASSETCATALOG_COMPILER_APPICON_NAME = AppIcon;
				CODE_SIGN_IDENTITY = "iPhone Developer";
				INFOPLIST_FILE = Taper/Resources/Info.plist;
				LD_RUNPATH_SEARCH_PATHS = (
					"$(inherited)",
					"@executable_path/Frameworks",
				);
				PRODUCT_BUNDLE_IDENTIFIER = com.graemkrietzman.taper;
				SDKROOT = iphoneos;
				TARGETED_DEVICE_FAMILY = 1;
			};
			name = Release;
		};
/* End XCBuildConfiguration section */

/* Begin XCConfigurationList section */
		245B595019E53FA1F16D6C4A /* Build configuration list for PBXNativeTarget "Taper" */ = {
			isa = XCConfigurationList;
			buildConfigurations = (
				24A37807F6E153FDDAC09CEF /* Debug */,
				D88528A1825145C69C8D8694 /* Release */,
			);
			defaultConfigurationIsVisible = 0;
			defaultConfigurationName = Debug;
		};
		79707F7BE49C086CC76C45BD /* Build configuration list for PBXNativeTarget "TaperTests" */ = {
			isa = XCConfigurationList;
			buildConfigurations = (
				B8812F82961C3525B4F6F080 /* Debug */,
				35D94143F3225AC16D159835 /* Release */,
			);
			defaultConfigurationIsVisible = 0;
			defaultConfigurationName = Debug;
		};
		B0E3E8BB7B0068D0A6200CC5 /* Build configuration list for PBXProject "Taper" */ = {
			isa = XCConfigurationList;
			buildConfigurations = (
				620FD3FF8F677D49C7D4981F /* Debug */,
				D17EE72EEE5D7C0A96D6C10D /* Release */,
			);
			defaultConfigurationIsVisible = 0;
			defaultConfigurationName = Debug;
		};
/* End XCConfigurationList section */

/* Begin XCRemoteSwiftPackageReference section */
		204234518E3AA0696F322E23 /* XCRemoteSwiftPackageReference "supabase-swift" */ = {
			isa = XCRemoteSwiftPackageReference;
			repositoryURL = "https://github.com/supabase/supabase-swift";
			requirement = {
				kind = exactVersion;
				version = 2.55.1;
			};
		};
/* End XCRemoteSwiftPackageReference section */

/* Begin XCSwiftPackageProductDependency section */
		1756A8AE10A5643796F48366 /* Supabase */ = {
			isa = XCSwiftPackageProductDependency;
			package = 204234518E3AA0696F322E23 /* XCRemoteSwiftPackageReference "supabase-swift" */;
			productName = Supabase;
		};
/* End XCSwiftPackageProductDependency section */
	};
	rootObject = D95056CE5330765819B5B78E /* Project object */;
}
