// !$*UTF8*$!
{
	archiveVersion = 1;
	classes = {
	};
	objectVersion = 77;
	objects = {

/* Begin PBXBuildFile section */
		0F242662FEF4425A8B70DAB3 /* Geist-Bold.ttf in Resources */ = {isa = PBXBuildFile; fileRef = A1E5FD7FE2355ACE000A0013 /* Geist-Bold.ttf */; };
		2C46EF3A0D0CC8B2949422CC /* Geist-SemiBold.ttf in Resources */ = {isa = PBXBuildFile; fileRef = 2D8C55EF13AA0567154D2F45 /* Geist-SemiBold.ttf */; };
		AAF65A9B72EA866D5F305C29 /* Geist-Regular.ttf in Resources */ = {isa = PBXBuildFile; fileRef = AC9E73CF5F186088BD75C29B /* Geist-Regular.ttf */; };
		BDD6080C45C777D07880DFB3 /* Geist-Medium.ttf in Resources */ = {isa = PBXBuildFile; fileRef = 437903947F46E0547A55FF96 /* Geist-Medium.ttf */; };
		C8478AAF04FDDFDBA628A55E /* FoodPadApp.swift in Sources */ = {isa = PBXBuildFile; fileRef = E0CCB921382D89E669683C0C /* FoodPadApp.swift */; };
		D0037DC754B53BC174ECD9E2 /* Assets.xcassets in Resources */ = {isa = PBXBuildFile; fileRef = C31D44570D65A30DA3894B57 /* Assets.xcassets */; };
/* End PBXBuildFile section */

/* Begin PBXFileReference section */
		2D8C55EF13AA0567154D2F45 /* Geist-SemiBold.ttf */ = {isa = PBXFileReference; lastKnownFileType = file; path = "Geist-SemiBold.ttf"; sourceTree = "<group>"; };
		437903947F46E0547A55FF96 /* Geist-Medium.ttf */ = {isa = PBXFileReference; lastKnownFileType = file; path = "Geist-Medium.ttf"; sourceTree = "<group>"; };
		641EBD2D07391AFC013D190A /* FoodPad.app */ = {isa = PBXFileReference; includeInIndex = 0; lastKnownFileType = wrapper.application; path = FoodPad.app; sourceTree = BUILT_PRODUCTS_DIR; };
		A1E5FD7FE2355ACE000A0013 /* Geist-Bold.ttf */ = {isa = PBXFileReference; lastKnownFileType = file; path = "Geist-Bold.ttf"; sourceTree = "<group>"; };
		AC9E73CF5F186088BD75C29B /* Geist-Regular.ttf */ = {isa = PBXFileReference; lastKnownFileType = file; path = "Geist-Regular.ttf"; sourceTree = "<group>"; };
		C31D44570D65A30DA3894B57 /* Assets.xcassets */ = {isa = PBXFileReference; lastKnownFileType = folder.assetcatalog; path = Assets.xcassets; sourceTree = "<group>"; };
		E0CCB921382D89E669683C0C /* FoodPadApp.swift */ = {isa = PBXFileReference; lastKnownFileType = sourcecode.swift; path = FoodPadApp.swift; sourceTree = "<group>"; };
		FAF99AB6C54C7615DDBB6218 /* Info.plist */ = {isa = PBXFileReference; lastKnownFileType = text.plist; path = Info.plist; sourceTree = "<group>"; };
/* End PBXFileReference section */

/* Begin PBXGroup section */
		32352F7610F3ECC09D950AEE /* Products */ = {
			isa = PBXGroup;
			children = (
				641EBD2D07391AFC013D190A /* FoodPad.app */,
			);
			name = Products;
			sourceTree = "<group>";
		};
		46904BF135E19DD98338E8E6 /* App */ = {
			isa = PBXGroup;
			children = (
				E0CCB921382D89E669683C0C /* FoodPadApp.swift */,
			);
			path = App;
			sourceTree = "<group>";
		};
		5ECCE21F8AADEE44B65D2DEE = {
			isa = PBXGroup;
			children = (
				B43E0FF010A3063E77A28857 /* FoodPad */,
				32352F7610F3ECC09D950AEE /* Products */,
			);
			sourceTree = "<group>";
		};
		6F3FBE8E31CF3F594BFD531A /* Fonts */ = {
			isa = PBXGroup;
			children = (
				A1E5FD7FE2355ACE000A0013 /* Geist-Bold.ttf */,
				437903947F46E0547A55FF96 /* Geist-Medium.ttf */,
				AC9E73CF5F186088BD75C29B /* Geist-Regular.ttf */,
				2D8C55EF13AA0567154D2F45 /* Geist-SemiBold.ttf */,
			);
			path = Fonts;
			sourceTree = "<group>";
		};
		B43E0FF010A3063E77A28857 /* FoodPad */ = {
			isa = PBXGroup;
			children = (
				46904BF135E19DD98338E8E6 /* App */,
				C2C70BC5EA5AE5E83714106A /* Resources */,
			);
			path = FoodPad;
			sourceTree = "<group>";
		};
		C2C70BC5EA5AE5E83714106A /* Resources */ = {
			isa = PBXGroup;
			children = (
				C31D44570D65A30DA3894B57 /* Assets.xcassets */,
				FAF99AB6C54C7615DDBB6218 /* Info.plist */,
				6F3FBE8E31CF3F594BFD531A /* Fonts */,
			);
			path = Resources;
			sourceTree = "<group>";
		};
		"TEMP_CE89D557-1B34-4610-A8D7-6355FE94092D" /* Features */ = {
			isa = PBXGroup;
			children = (
			);
			path = Features;
			sourceTree = "<group>";
		};
/* End PBXGroup section */

/* Begin PBXNativeTarget section */
		46E202CB129D0EF5941B2BC4 /* FoodPad */ = {
			isa = PBXNativeTarget;
			buildConfigurationList = 7DCE918E72890EA5A92337F3 /* Build configuration list for PBXNativeTarget "FoodPad" */;
			buildPhases = (
				B3766E699CCA0A09ACD19BAF /* Sources */,
				8C707530E4E94CD9A6FAC3AF /* Resources */,
			);
			buildRules = (
			);
			dependencies = (
			);
			name = FoodPad;
			packageProductDependencies = (
			);
			productName = FoodPad;
			productReference = 641EBD2D07391AFC013D190A /* FoodPad.app */;
			productType = "com.apple.product-type.application";
		};
/* End PBXNativeTarget section */

/* Begin PBXProject section */
		F5B86F1F8BC3F1199B6208CD /* Project object */ = {
			isa = PBXProject;
			attributes = {
				BuildIndependentTargetsInParallel = YES;
				LastUpgradeCheck = 1430;
				TargetAttributes = {
				};
			};
			buildConfigurationList = E4A3C1A3B234212661963AA8 /* Build configuration list for PBXProject "FoodPad" */;
			developmentRegion = en;
			hasScannedForEncodings = 0;
			knownRegions = (
				Base,
				en,
			);
			mainGroup = 5ECCE21F8AADEE44B65D2DEE;
			minimizedProjectReferenceProxies = 1;
			preferredProjectObjectVersion = 77;
			productRefGroup = 32352F7610F3ECC09D950AEE /* Products */;
			projectDirPath = "";
			projectRoot = "";
			targets = (
				46E202CB129D0EF5941B2BC4 /* FoodPad */,
			);
		};
/* End PBXProject section */

/* Begin PBXResourcesBuildPhase section */
		8C707530E4E94CD9A6FAC3AF /* Resources */ = {
			isa = PBXResourcesBuildPhase;
			buildActionMask = 2147483647;
			files = (
				D0037DC754B53BC174ECD9E2 /* Assets.xcassets in Resources */,
				0F242662FEF4425A8B70DAB3 /* Geist-Bold.ttf in Resources */,
				BDD6080C45C777D07880DFB3 /* Geist-Medium.ttf in Resources */,
				AAF65A9B72EA866D5F305C29 /* Geist-Regular.ttf in Resources */,
				2C46EF3A0D0CC8B2949422CC /* Geist-SemiBold.ttf in Resources */,
			);
			runOnlyForDeploymentPostprocessing = 0;
		};
/* End PBXResourcesBuildPhase section */

/* Begin PBXSourcesBuildPhase section */
		B3766E699CCA0A09ACD19BAF /* Sources */ = {
			isa = PBXSourcesBuildPhase;
			buildActionMask = 2147483647;
			files = (
				C8478AAF04FDDFDBA628A55E /* FoodPadApp.swift in Sources */,
			);
			runOnlyForDeploymentPostprocessing = 0;
		};
/* End PBXSourcesBuildPhase section */

/* Begin XCBuildConfiguration section */
		119AE4C0B5A38AB11F76DF89 /* Release */ = {
			isa = XCBuildConfiguration;
			buildSettings = {
				ASSETCATALOG_COMPILER_APPICON_NAME = AppIcon;
				CODE_SIGN_IDENTITY = "iPhone Developer";
				INFOPLIST_FILE = FoodPad/Resources/Info.plist;
				LD_RUNPATH_SEARCH_PATHS = (
					"$(inherited)",
					"@executable_path/Frameworks",
				);
				PRODUCT_BUNDLE_IDENTIFIER = com.graemkrietzman.foodpad;
				SDKROOT = iphoneos;
				TARGETED_DEVICE_FAMILY = 1;
			};
			name = Release;
		};
		46093E755341A0C40A8DAC9C /* Release */ = {
			isa = XCBuildConfiguration;
			buildSettings = {
				ALWAYS_SEARCH_USER_PATHS = NO;
				CLANG_ANALYZER_NONNULL = YES;
				CLANG_ANALYZER_NUMBER_OBJECT_CONVERSION = YES_AGGRESSIVE;
				CLANG_CXX_LANGUAGE_STANDARD = "gnu++14";
				CLANG_CXX_LIBRARY = "libc++";
				CLANG_ENABLE_MODULES = YES;
				CLANG_ENABLE_OBJC_ARC = YES;
				CLANG_ENABLE_OBJC_WEAK = YES;
				CLANG_WARN_BLOCK_CAPTURE_AUTORELEASING = YES;
				CLANG_WARN_BOOL_CONVERSION = YES;
				CLANG_WARN_COMMA = YES;
				CLANG_WARN_CONSTANT_CONVERSION = YES;
				CLANG_WARN_DEPRECATED_OBJC_IMPLEMENTATIONS = YES;
				CLANG_WARN_DIRECT_OBJC_ISA_USAGE = YES_ERROR;
				CLANG_WARN_DOCUMENTATION_COMMENTS = YES;
				CLANG_WARN_EMPTY_BODY = YES;
				CLANG_WARN_ENUM_CONVERSION = YES;
				CLANG_WARN_INFINITE_RECURSION = YES;
				CLANG_WARN_INT_CONVERSION = YES;
				CLANG_WARN_NON_LITERAL_NULL_CONVERSION = YES;
				CLANG_WARN_OBJC_IMPLICIT_RETAIN_SELF = YES;
				CLANG_WARN_OBJC_LITERAL_CONVERSION = YES;
				CLANG_WARN_OBJC_ROOT_CLASS = YES_ERROR;
				CLANG_WARN_QUOTED_INCLUDE_IN_FRAMEWORK_HEADER = YES;
				CLANG_WARN_RANGE_LOOP_ANALYSIS = YES;
				CLANG_WARN_STRICT_PROTOTYPES = YES;
				CLANG_WARN_SUSPICIOUS_MOVE = YES;
				CLANG_WARN_UNGUARDED_AVAILABILITY = YES_AGGRESSIVE;
				CLANG_WARN_UNREACHABLE_CODE = YES;
				CLANG_WARN__DUPLICATE_METHOD_MATCH = YES;
				COPY_PHASE_STRIP = NO;
				DEBUG_INFORMATION_FORMAT = "dwarf-with-dsym";
				ENABLE_NS_ASSERTIONS = NO;
				ENABLE_STRICT_OBJC_MSGSEND = YES;
				GCC_C_LANGUAGE_STANDARD = gnu11;
				GCC_NO_COMMON_BLOCKS = YES;
				GCC_WARN_64_TO_32_BIT_CONVERSION = YES;
				GCC_WARN_ABOUT_RETURN_TYPE = YES_ERROR;
				GCC_WARN_UNDECLARED_SELECTOR = YES;
				GCC_WARN_UNINITIALIZED_AUTOS = YES_AGGRESSIVE;
				GCC_WARN_UNUSED_FUNCTION = YES;
				GCC_WARN_UNUSED_VARIABLE = YES;
				IPHONEOS_DEPLOYMENT_TARGET = 26.0;
				MTL_ENABLE_DEBUG_INFO = NO;
				MTL_FAST_MATH = YES;
				PRODUCT_NAME = "$(TARGET_NAME)";
				SDKROOT = iphoneos;
				SWIFT_COMPILATION_MODE = wholemodule;
				SWIFT_OPTIMIZATION_LEVEL = "-O";
				SWIFT_VERSION = 6.0;
				TARGETED_DEVICE_FAMILY = 1;
			};
			name = Release;
		};
		60816BA6A467620B0CFE2F92 /* Debug */ = {
			isa = XCBuildConfiguration;
			buildSettings = {
				ALWAYS_SEARCH_USER_PATHS = NO;
				CLANG_ANALYZER_NONNULL = YES;
				CLANG_ANALYZER_NUMBER_OBJECT_CONVERSION = YES_AGGRESSIVE;
				CLANG_CXX_LANGUAGE_STANDARD = "gnu++14";
				CLANG_CXX_LIBRARY = "libc++";
				CLANG_ENABLE_MODULES = YES;
				CLANG_ENABLE_OBJC_ARC = YES;
				CLANG_ENABLE_OBJC_WEAK = YES;
				CLANG_WARN_BLOCK_CAPTURE_AUTORELEASING = YES;
				CLANG_WARN_BOOL_CONVERSION = YES;
				CLANG_WARN_COMMA = YES;
				CLANG_WARN_CONSTANT_CONVERSION = YES;
				CLANG_WARN_DEPRECATED_OBJC_IMPLEMENTATIONS = YES;
				CLANG_WARN_DIRECT_OBJC_ISA_USAGE = YES_ERROR;
				CLANG_WARN_DOCUMENTATION_COMMENTS = YES;
				CLANG_WARN_EMPTY_BODY = YES;
				CLANG_WARN_ENUM_CONVERSION = YES;
				CLANG_WARN_INFINITE_RECURSION = YES;
				CLANG_WARN_INT_CONVERSION = YES;
				CLANG_WARN_NON_LITERAL_NULL_CONVERSION = YES;
				CLANG_WARN_OBJC_IMPLICIT_RETAIN_SELF = YES;
				CLANG_WARN_OBJC_LITERAL_CONVERSION = YES;
				CLANG_WARN_OBJC_ROOT_CLASS = YES_ERROR;
				CLANG_WARN_QUOTED_INCLUDE_IN_FRAMEWORK_HEADER = YES;
				CLANG_WARN_RANGE_LOOP_ANALYSIS = YES;
				CLANG_WARN_STRICT_PROTOTYPES = YES;
				CLANG_WARN_SUSPICIOUS_MOVE = YES;
				CLANG_WARN_UNGUARDED_AVAILABILITY = YES_AGGRESSIVE;
				CLANG_WARN_UNREACHABLE_CODE = YES;
				CLANG_WARN__DUPLICATE_METHOD_MATCH = YES;
				COPY_PHASE_STRIP = NO;
				DEBUG_INFORMATION_FORMAT = dwarf;
				ENABLE_STRICT_OBJC_MSGSEND = YES;
				ENABLE_TESTABILITY = YES;
				GCC_C_LANGUAGE_STANDARD = gnu11;
				GCC_DYNAMIC_NO_PIC = NO;
				GCC_NO_COMMON_BLOCKS = YES;
				GCC_OPTIMIZATION_LEVEL = 0;
				GCC_PREPROCESSOR_DEFINITIONS = (
					"$(inherited)",
					"DEBUG=1",
				);
				GCC_WARN_64_TO_32_BIT_CONVERSION = YES;
				GCC_WARN_ABOUT_RETURN_TYPE = YES_ERROR;
				GCC_WARN_UNDECLARED_SELECTOR = YES;
				GCC_WARN_UNINITIALIZED_AUTOS = YES_AGGRESSIVE;
				GCC_WARN_UNUSED_FUNCTION = YES;
				GCC_WARN_UNUSED_VARIABLE = YES;
				IPHONEOS_DEPLOYMENT_TARGET = 26.0;
				MTL_ENABLE_DEBUG_INFO = INCLUDE_SOURCE;
				MTL_FAST_MATH = YES;
				ONLY_ACTIVE_ARCH = YES;
				PRODUCT_NAME = "$(TARGET_NAME)";
				SDKROOT = iphoneos;
				SWIFT_ACTIVE_COMPILATION_CONDITIONS = DEBUG;
				SWIFT_OPTIMIZATION_LEVEL = "-Onone";
				SWIFT_VERSION = 6.0;
				TARGETED_DEVICE_FAMILY = 1;
			};
			name = Debug;
		};
		988E864889F45B62AA7AE93E /* Debug */ = {
			isa = XCBuildConfiguration;
			buildSettings = {
				ASSETCATALOG_COMPILER_APPICON_NAME = AppIcon;
				CODE_SIGN_IDENTITY = "iPhone Developer";
				INFOPLIST_FILE = FoodPad/Resources/Info.plist;
				LD_RUNPATH_SEARCH_PATHS = (
					"$(inherited)",
					"@executable_path/Frameworks",
				);
				PRODUCT_BUNDLE_IDENTIFIER = com.graemkrietzman.foodpad;
				SDKROOT = iphoneos;
				TARGETED_DEVICE_FAMILY = 1;
			};
			name = Debug;
		};
/* End XCBuildConfiguration section */

/* Begin XCConfigurationList section */
		7DCE918E72890EA5A92337F3 /* Build configuration list for PBXNativeTarget "FoodPad" */ = {
			isa = XCConfigurationList;
			buildConfigurations = (
				988E864889F45B62AA7AE93E /* Debug */,
				119AE4C0B5A38AB11F76DF89 /* Release */,
			);
			defaultConfigurationIsVisible = 0;
			defaultConfigurationName = Debug;
		};
		E4A3C1A3B234212661963AA8 /* Build configuration list for PBXProject "FoodPad" */ = {
			isa = XCConfigurationList;
			buildConfigurations = (
				60816BA6A467620B0CFE2F92 /* Debug */,
				46093E755341A0C40A8DAC9C /* Release */,
			);
			defaultConfigurationIsVisible = 0;
			defaultConfigurationName = Debug;
		};
/* End XCConfigurationList section */
	};
	rootObject = F5B86F1F8BC3F1199B6208CD /* Project object */;
}
